// !$*UTF8*$!
{
	archiveVersion = 1;
	classes = {
	};
	objectVersion = 77;
	objects = {

/* Begin PBXBuildFile section */
		00BDE086E0C208CE385602B8 /* V029Snapshots.swift in Sources */ = {isa = PBXBuildFile; fileRef = BCE6CB7DCBC0976E4414C63D /* V029Snapshots.swift */; };
		00EFDC56DFEEB39444695B53 /* MockProviderDetector.swift in Sources */ = {isa = PBXBuildFile; fileRef = C64C2DA34FBFB5523DC71C9B /* MockProviderDetector.swift */; };
		02E554F44482449A6E303DF8 /* CostShareCardView.swift in Sources */ = {isa = PBXBuildFile; fileRef = AEB7FFB253C0CC0CA9876CCB /* CostShareCardView.swift */; };
		04CEC012F4FB828C422D6AE0 /* SameMacMultiAccountMergeTests.swift in Sources */ = {isa = PBXBuildFile; fileRef = 11E7C1D372FC60DBC88221B1 /* SameMacMultiAccountMergeTests.swift */; };
		05A1216E90C95AAE2D36B013 /* QuotaZoneNotificationParserTests.swift in Sources */ = {isa = PBXBuildFile; fileRef = 2C98FA5E42A83275CBD79FDB /* QuotaZoneNotificationParserTests.swift */; };
		06AF0C16DB94FEF7CEB249F1 /* UtilizationHistoryView.swift in Sources */ = {isa = PBXBuildFile; fileRef = 49BBB0416BFC7E4E74CC4B6C /* UtilizationHistoryView.swift */; };
		0708B75CE4F9E291D3AF8879 /* MobileDisplayPreferences.swift in Sources */ = {isa = PBXBuildFile; fileRef = 82B8A4D1FFD04AA72E89022F /* MobileDisplayPreferences.swift */; };
		077031C35540946781793E79 /* ModelContainerFactory.swift in Sources */ = {isa = PBXBuildFile; fileRef = 9F2CB0BE3DD9918D7E958219 /* ModelContainerFactory.swift */; };
		07F02876676ED6B3B7B4A6AD /* CodexBarSync.framework in Frameworks */ = {isa = PBXBuildFile; fileRef = D34FB83FA26B8508F5A3D9FB /* CodexBarSync.framework */; };
		08DAFDFF22C66A2F782B89A9 /* V026RenderedTextTests.swift in Sources */ = {isa = PBXBuildFile; fileRef = F63562F3CAD90EB09C32903E /* V026RenderedTextTests.swift */; };
		09BC5F589730BF1FE1C4D68E /* AzureOpenAIInfoCard.swift in Sources */ = {isa = PBXBuildFile; fileRef = CA3103C9F58F4D43F9FD73A2 /* AzureOpenAIInfoCard.swift */; };
		0C2DDA8E99A73AA0FE1F72FE /* ProviderUsageSnapshot+QuotaWarnings.swift in Sources */ = {isa = PBXBuildFile; fileRef = 476A6254529A7B50A57AB777 /* ProviderUsageSnapshot+QuotaWarnings.swift */; };
		0C35C0A3E872B4821C3A7D0B /* SwiftDataBridgeTests.swift in Sources */ = {isa = PBXBuildFile; fileRef = 3E6F79FB9AFFC795399FAFBF /* SwiftDataBridgeTests.swift */; };
		0D7C4FE104FBA31F17F8A591 /* AntigravityAccountSwitcher.swift in Sources */ = {isa = PBXBuildFile; fileRef = B07946DD625AF9E4DFFFAB41 /* AntigravityAccountSwitcher.swift */; };
		134FDBBA3076DE5E1FA986F2 /* ClaudePeakHours.swift in Sources */ = {isa = PBXBuildFile; fileRef = 646750577DC086F6AB6026FD /* ClaudePeakHours.swift */; };
		15E1F684F0EFDD39DB30A2D6 /* ModelContainerFactoryTests.swift in Sources */ = {isa = PBXBuildFile; fileRef = C1DABA431C3A96BC06782271 /* ModelContainerFactoryTests.swift */; };
		1E05BEE4F76DC16C3AA0C014 /* CloudSyncReader.swift in Sources */ = {isa = PBXBuildFile; fileRef = 0AC8949E5A683B18E778EAC3 /* CloudSyncReader.swift */; };
		2454FC869F1C8C693320BD25 /* MockBadgeView.swift in Sources */ = {isa = PBXBuildFile; fileRef = 6469C96DB80CE222DDD8EC78 /* MockBadgeView.swift */; };
		24899A4840A4D7B044BEC20C /* Assets.xcassets in Resources */ = {isa = PBXBuildFile; fileRef = 04473E13F793B1EDF3EF4280 /* Assets.xcassets */; };
		26AC46B00EDA26107412B467 /* ViewCacheIdentityTests.swift in Sources */ = {isa = PBXBuildFile; fileRef = 44D42B29EEA7ECECF396429B /* ViewCacheIdentityTests.swift */; };
		27EE0BCA2997485104A74200 /* CostMetricCard.swift in Sources */ = {isa = PBXBuildFile; fileRef = 74B0A596604D1C8CA137C073 /* CostMetricCard.swift */; };
		297CB7B072F71D5540B234A4 /* MobileChartAxisFormatter.swift in Sources */ = {isa = PBXBuildFile; fileRef = 252CB6CF0CDF983CD183384F /* MobileChartAxisFormatter.swift */; };
		2B9A62B0ADAF89ADBD8826DA /* MultiAccountForEachIdentityTests.swift in Sources */ = {isa = PBXBuildFile; fileRef = 1F8C8BB69CA51A514FF41E14 /* MultiAccountForEachIdentityTests.swift */; };
		2DBF25B9E86E819649C2BE29 /* GroqMetricsCard.swift in Sources */ = {isa = PBXBuildFile; fileRef = 8D0855CD28B09BC6FE3D911E /* GroqMetricsCard.swift */; };
		2E8C1EB06CD3DA4A1895AB87 /* CWLSeedTests.swift in Sources */ = {isa = PBXBuildFile; fileRef = 0A73B8C46F2108FB61B56B64 /* CWLSeedTests.swift */; };
		2F25E64EEAF1963781B976C8 /* EmptyStateView.swift in Sources */ = {isa = PBXBuildFile; fileRef = CCB5B03C39186CBC42C349F8 /* EmptyStateView.swift */; };
		2F95648D7B6137DC85B62F37 /* ClaudePeakHoursTests.swift in Sources */ = {isa = PBXBuildFile; fileRef = 247726F710DF2854B553518D /* ClaudePeakHoursTests.swift */; };
		3181B2D5BBB7820CABFD2601 /* CWLMigrationTests.swift in Sources */ = {isa = PBXBuildFile; fileRef = BC74955D108073474BBBAB91 /* CWLMigrationTests.swift */; };
		33F818074F133935C89B4097 /* CodexWorkspaceBadge.swift in Sources */ = {isa = PBXBuildFile; fileRef = FD8478C8A0C9D8732B72F7CB /* CodexWorkspaceBadge.swift */; };
		3605135099D7D1BAC66F67C3 /* V026Snapshots.swift in Sources */ = {isa = PBXBuildFile; fileRef = D03B5D90026D623962989109 /* V026Snapshots.swift */; };
		36890D62A476E10C3211107E /* ProviderAccountGroupTests.swift in Sources */ = {isa = PBXBuildFile; fileRef = 621D68074A776C6DDAE3E81D /* ProviderAccountGroupTests.swift */; };
		36E36EE311B054390CE848F2 /* LLMProxyStatsCard.swift in Sources */ = {isa = PBXBuildFile; fileRef = B22B4D560AC765604858E821 /* LLMProxyStatsCard.swift */; };
		37D05E7A04ABF89129C7D284 /* DualZoneReaderTests.swift in Sources */ = {isa = PBXBuildFile; fileRef = F06B5BB1489F508FCD20228A /* DualZoneReaderTests.swift */; };
		383E1D735F75F0B574447EDF /* ShareCardRenderTests.swift in Sources */ = {isa = PBXBuildFile; fileRef = 7A260F62AFF50B05ED7E6401 /* ShareCardRenderTests.swift */; };
		3A61359B6A439F7C8C342C49 /* CWLPerformanceTests.swift in Sources */ = {isa = PBXBuildFile; fileRef = DDF19DFB181532F757F35E7C /* CWLPerformanceTests.swift */; };
		3E591C7DE7ED51CB3883D431 /* ProviderUsageEnvelope.swift in Sources */ = {isa = PBXBuildFile; fileRef = 639A4CD0CDA802F15E954D5B /* ProviderUsageEnvelope.swift */; };
		3FF73F5DB65C0589C032253A /* CloudConstants.swift in Sources */ = {isa = PBXBuildFile; fileRef = CFFC39F091B19A1DE9F2E7C7 /* CloudConstants.swift */; };
		4012D7EC2F2083F196B70B84 /* MoonshotBalanceCard.swift in Sources */ = {isa = PBXBuildFile; fileRef = 0BC3BD9EFBA38613A27A03C6 /* MoonshotBalanceCard.swift */; };
		44179B7669F19C60FFA54FCD /* CostShareService.swift in Sources */ = {isa = PBXBuildFile; fileRef = 6C72A51985FA627302CDAC57 /* CostShareService.swift */; };
		47E56DB489686A9CF257EA70 /* CloudSyncManager.swift in Sources */ = {isa = PBXBuildFile; fileRef = 14429075896F45B38264DC77 /* CloudSyncManager.swift */; };
		48A7DACDCA4F25935E003084 /* V037Snapshots.swift in Sources */ = {isa = PBXBuildFile; fileRef = 19CF055050A36BB624EF0AA0 /* V037Snapshots.swift */; };
		49148E58B3AF1030559597F2 /* CWLEquivalenceTests.swift in Sources */ = {isa = PBXBuildFile; fileRef = 79B9DE156699CE9E8DF9A818 /* CWLEquivalenceTests.swift */; };
		496A54796174489473CE7F52 /* DeviceProviderZoneSubscription.swift in Sources */ = {isa = PBXBuildFile; fileRef = E16DA26E9BEFB5354A725F99 /* DeviceProviderZoneSubscription.swift */; };
		49D6DB12C6EFA95A8A48BE0C /* BedrockCostCard.swift in Sources */ = {isa = PBXBuildFile; fileRef = 9E9B0D8C60F57D4E7DC98890 /* BedrockCostCard.swift */; };
		4CD1E3131D8E3A04E8B13201 /* BudgetProgressView.swift in Sources */ = {isa = PBXBuildFile; fileRef = 77C776CEA57C84E7ECA6192C /* BudgetProgressView.swift */; };
		4E63C52D8C920C2076DD3CD5 /* Localizable.xcstrings in Resources */ = {isa = PBXBuildFile; fileRef = B47F282E1FA9E215551D09F6 /* Localizable.xcstrings */; };
		5276BDE7FB232DBFA63A2D92 /* CWLSchemaTests.swift in Sources */ = {isa = PBXBuildFile; fileRef = 57D94028CBE4AB12A131F439 /* CWLSchemaTests.swift */; };
		5318530147AE0495BD05345D /* CodexBarSync.framework in Embed Frameworks */ = {isa = PBXBuildFile; fileRef = D34FB83FA26B8508F5A3D9FB /* CodexBarSync.framework */; settings = {ATTRIBUTES = (CodeSignOnCopy, RemoveHeadersOnCopy, ); }; };
		537F8FAA96052658292926BC /* ProviderAccountGroup.swift in Sources */ = {isa = PBXBuildFile; fileRef = A5404A3DBB0C65C3C3C8D8ED /* ProviderAccountGroup.swift */; };
		53E21E78D165FB4E038BA2FF /* CostLedgerService.swift in Sources */ = {isa = PBXBuildFile; fileRef = 6437373216327448BEA9E0A2 /* CostLedgerService.swift */; };
		57B19047261C57559CD61968 /* SyncCostSummary+Today.swift in Sources */ = {isa = PBXBuildFile; fileRef = 148D664C4F52FEB3A2993FE7 /* SyncCostSummary+Today.swift */; };
		5BDC62538006F2EF448F53ED /* MockProviderBanner.swift in Sources */ = {isa = PBXBuildFile; fileRef = 13047F3A04FEB413C5E079B0 /* MockProviderBanner.swift */; };
		5DF56542F0C2F51860FE8AD8 /* SyncedUsageData.swift in Sources */ = {isa = PBXBuildFile; fileRef = 48D17C7D2668994C4942329B /* SyncedUsageData.swift */; };
		61BEB22E497DAC7C2FE2AC9C /* CodexBarMobilePushExtension.appex in Embed Foundation Extensions */ = {isa = PBXBuildFile; fileRef = 81B87DC9EB24AAEFE036F9F7 /* CodexBarMobilePushExtension.appex */; settings = {ATTRIBUTES = (RemoveHeadersOnCopy, ); }; };
		638B0DA8806E1E1637E13E7A /* CWLAggregateTests.swift in Sources */ = {isa = PBXBuildFile; fileRef = 7AABCE82169AC4EF72708082 /* CWLAggregateTests.swift */; };
		6552CAFC19A45A6D83821AC0 /* QuotaZoneNotificationParser.swift in Sources */ = {isa = PBXBuildFile; fileRef = 01AA3F7A048F7301BC92A1A2 /* QuotaZoneNotificationParser.swift */; };
		66A54A05F64B57FC828A2C40 /* AlibabaTokenPlanCard.swift in Sources */ = {isa = PBXBuildFile; fileRef = B2C6897E84FB3CBD02DC3D8C /* AlibabaTokenPlanCard.swift */; };
		6723B0E31B950F7C988C433F /* SyncQuotaWarningConfigTests.swift in Sources */ = {isa = PBXBuildFile; fileRef = 6AF7B6A222FD3554CA455D8E /* SyncQuotaWarningConfigTests.swift */; };
		67C5AF7FC62936A0A28189B3 /* SnapshotIdentityKeyTests.swift in Sources */ = {isa = PBXBuildFile; fileRef = 5A393218B2702DC47F1003A5 /* SnapshotIdentityKeyTests.swift */; };
		6977A50D67FD6F33CE7E9D54 /* PrivacyInfo.xcprivacy in Resources */ = {isa = PBXBuildFile; fileRef = 1C3F51A2F6DE018A276166F7 /* PrivacyInfo.xcprivacy */; };
		6BDEE365DD4A92F13A88ED72 /* SyncModelTests.swift in Sources */ = {isa = PBXBuildFile; fileRef = 32F236B9E5AABE3378DAF97F /* SyncModelTests.swift */; };
		6BEB6B051976D09ED07BFFD3 /* UtilizationAggregateView.swift in Sources */ = {isa = PBXBuildFile; fileRef = 87DED80F5FABD5A2FBAF5F98 /* UtilizationAggregateView.swift */; };
		6C1FECC502FD2DD3FF666618 /* QuotaProviderListTests.swift in Sources */ = {isa = PBXBuildFile; fileRef = C3D273F51CDB63F11D2E772A /* QuotaProviderListTests.swift */; };
		6C6973342A6DB39DA86008A8 /* UsageSnapshot.swift in Sources */ = {isa = PBXBuildFile; fileRef = 6B9D488D2E7E34286B71E8E7 /* UsageSnapshot.swift */; };
		6C830A82BED8F694F753A082 /* MultiAccountLinkageCandidate.swift in Sources */ = {isa = PBXBuildFile; fileRef = 5639281ED3BA765C9553C8B9 /* MultiAccountLinkageCandidate.swift */; };
		6DCDD71DAADD02D424FB0660 /* ProviderUsageSnapshot+Identity.swift in Sources */ = {isa = PBXBuildFile; fileRef = FA73FB0C58DB34861BD5E35F /* ProviderUsageSnapshot+Identity.swift */; };
		724CDFD257C13ABA5020E7C9 /* V030Snapshots.swift in Sources */ = {isa = PBXBuildFile; fileRef = E29AF435AB2A4FE691117704 /* V030Snapshots.swift */; };
		753F40CEB17DC47E704E5EDE /* ElevenLabsCreditsCard.swift in Sources */ = {isa = PBXBuildFile; fileRef = 777FFCFF0443DD9AC52685CD /* ElevenLabsCreditsCard.swift */; };
		775BADB70AF2174D2847494B /* TestFixtures.swift in Sources */ = {isa = PBXBuildFile; fileRef = 474666AF420748DBF714EED5 /* TestFixtures.swift */; };
		77AF491945589ACEFFCD2342 /* SwiftDataSchema.swift in Sources */ = {isa = PBXBuildFile; fileRef = 9B39BE9838341CBABA2ED1F6 /* SwiftDataSchema.swift */; };
		77CF9F560A2873DDC19B0A3D /* QuotaTransitionSubscriptionsTests.swift in Sources */ = {isa = PBXBuildFile; fileRef = 4DDEAEEF583AFDE3D29A18C3 /* QuotaTransitionSubscriptionsTests.swift */; };
		78A8D4ECC85D519DB04C6B07 /* DeepgramUsageCard.swift in Sources */ = {isa = PBXBuildFile; fileRef = AA293C8F7A388B3FE79C2856 /* DeepgramUsageCard.swift */; };
		7921A012D44F975F8AFC63DE /* CostShareSheet.swift in Sources */ = {isa = PBXBuildFile; fileRef = 8515047932479670A9749119 /* CostShareSheet.swift */; };
		82D12B778494DEEFDCB40A06 /* CostLedgerModels.swift in Sources */ = {isa = PBXBuildFile; fileRef = 20CA4E5C7B1091C018B038D4 /* CostLedgerModels.swift */; };
		86AF1C1CE9402E616E87F26C /* SwiftDataBridge.swift in Sources */ = {isa = PBXBuildFile; fileRef = 6BD0E1383E24DC8971D852C2 /* SwiftDataBridge.swift */; };
		870DB32558A225B7979C5752 /* DeviceLifecycleEvent.swift in Sources */ = {isa = PBXBuildFile; fileRef = B69F7C48865EEA356A9C86CC /* DeviceLifecycleEvent.swift */; };
		8A9A4E2E1CA72E072FCBB851 /* MobileDisplayFormattingTests.swift in Sources */ = {isa = PBXBuildFile; fileRef = 9CCC87791F1A5C860229EACF /* MobileDisplayFormattingTests.swift */; };
		8AE4ED5CB4621D5D8DAE93BB /* SnapshotCacheTests.swift in Sources */ = {isa = PBXBuildFile; fileRef = 29C5E714FA876A9617524529 /* SnapshotCacheTests.swift */; };
		8CE323CC2D5E584C35DC3196 /* MockProviderDetectorTests.swift in Sources */ = {isa = PBXBuildFile; fileRef = 1C9038A6A037C9329348C876 /* MockProviderDetectorTests.swift */; };
		8E7E93B9F90994D0D3124086 /* OpenCodeGoZenBalanceCard.swift in Sources */ = {isa = PBXBuildFile; fileRef = 33F82F1127C024B177B420DE /* OpenCodeGoZenBalanceCard.swift */; };
		904B033A9AC463824D9A910D /* SyncQuotaWarningConfig.swift in Sources */ = {isa = PBXBuildFile; fileRef = 342E84EEC0EB349DE2BEB11B /* SyncQuotaWarningConfig.swift */; };
		90C9167325DF5561725CA16A /* MultiAccountTabRenderingTests.swift in Sources */ = {isa = PBXBuildFile; fileRef = 25CF646B494D13FACA4ED547 /* MultiAccountTabRenderingTests.swift */; };
		90D08BDB0023F9AC882235B1 /* ProviderAccountLinkage.swift in Sources */ = {isa = PBXBuildFile; fileRef = 7AAB8310784E24CC51831768 /* ProviderAccountLinkage.swift */; };
		9360E35B526CE57E9C5ED2D0 /* DeepSeekUsageCard.swift in Sources */ = {isa = PBXBuildFile; fileRef = 477F069536CCC8340DF0B198 /* DeepSeekUsageCard.swift */; };
		93754684AD608ECF9833F867 /* V026ViewSmokeTests.swift in Sources */ = {isa = PBXBuildFile; fileRef = 157142B7B8F8ADF6A79DCD07 /* V026ViewSmokeTests.swift */; };
		95421AE3BAA4C16314A2BF1A /* QuotaTransitionSubscriptions.swift in Sources */ = {isa = PBXBuildFile; fileRef = F2BA90E690B546A77A86EE29 /* QuotaTransitionSubscriptions.swift */; };
		979DD3366C02E4457C7D6D0E /* AccountIdentityNormalize.swift in Sources */ = {isa = PBXBuildFile; fileRef = 252E82C4DE92C8734EDD3F33 /* AccountIdentityNormalize.swift */; };
		9A1752C4414B06CE642241FB /* CodexBarSync.framework in Frameworks */ = {isa = PBXBuildFile; fileRef = D34FB83FA26B8508F5A3D9FB /* CodexBarSync.framework */; };
		9C00DB027AB6C29845327154 /* CWLWriterTests.swift in Sources */ = {isa = PBXBuildFile; fileRef = D0629321562B420C752FB0A8 /* CWLWriterTests.swift */; };
		A107A3ED4961AA8B614D11BE /* SubscriptionUtilizationCompatTests.swift in Sources */ = {isa = PBXBuildFile; fileRef = 8D15EF2654204A9652A1F59F /* SubscriptionUtilizationCompatTests.swift */; };
		A24E829408C379D88C7715CC /* ProviderColorPalette.swift in Sources */ = {isa = PBXBuildFile; fileRef = 637E4394D6D0E0F76AFD654A /* ProviderColorPalette.swift */; };
		A644FDE234CC676EC59CC891 /* ContentView.swift in Sources */ = {isa = PBXBuildFile; fileRef = 6F8B2EE4A4A283389BC42245 /* ContentView.swift */; };
		A7A9772DEE62BDA0E16FC91E /* AccountIdentityMergeTests.swift in Sources */ = {isa = PBXBuildFile; fileRef = B4E315BCDE160D8764FE14F2 /* AccountIdentityMergeTests.swift */; };
		A8ECDA27E9F213AFA6A13FAB /* CodexBarSync.framework in Embed Frameworks */ = {isa = PBXBuildFile; fileRef = D34FB83FA26B8508F5A3D9FB /* CodexBarSync.framework */; settings = {ATTRIBUTES = (CodeSignOnCopy, RemoveHeadersOnCopy, ); }; };
		A910B3424F6BF1DCE7543E2E /* CodexBarMobileApp.swift in Sources */ = {isa = PBXBuildFile; fileRef = DC3A52976034BA3F0CA44327 /* CodexBarMobileApp.swift */; };
		A9305459F82B07AAE8ADC1A2 /* ProviderUsageView.swift in Sources */ = {isa = PBXBuildFile; fileRef = 3CAFBA243E25814E22BAAA6B /* ProviderUsageView.swift */; };
		A9BDE220C1106C420FCBECAF /* CodexResetCreditsCard.swift in Sources */ = {isa = PBXBuildFile; fileRef = 2A9DEF83A84D41E10E1D6B2B /* CodexResetCreditsCard.swift */; };
		ACA7EB9D06944B5EA0FD9E84 /* CostFormatting.swift in Sources */ = {isa = PBXBuildFile; fileRef = 947901EA2B0C4A99FF204533 /* CostFormatting.swift */; };
		AF756D8CEBEC328EF8827EA6 /* ClaudeExtraUsageCard.swift in Sources */ = {isa = PBXBuildFile; fileRef = 36903C779CD4AE98147A83BB /* ClaudeExtraUsageCard.swift */; };
		B050FB5BF5817C3844A27F32 /* ProviderDetailView.swift in Sources */ = {isa = PBXBuildFile; fileRef = CB05AAA074EEE8CC4379BD42 /* ProviderDetailView.swift */; };
		B0BD7B9F90964EE0B5859675 /* CloudKitMergeTests.swift in Sources */ = {isa = PBXBuildFile; fileRef = BC8893A8B73134178D35F274 /* CloudKitMergeTests.swift */; };
		B7EC6DFB5C971047AC6D544C /* CodexBarMobileUITests.swift in Sources */ = {isa = PBXBuildFile; fileRef = E53728795F865E33900DA3C3 /* CodexBarMobileUITests.swift */; };
		BA057299F72E0ADFF7E79DC0 /* V026SettingsTogglesTests.swift in Sources */ = {isa = PBXBuildFile; fileRef = C39869539C7AAD1E71CCEDD6 /* V026SettingsTogglesTests.swift */; };
		BB98D3ECAFF6D381B6D775FE /* V027Snapshots.swift in Sources */ = {isa = PBXBuildFile; fileRef = A9F340DA45364A878F1BB616 /* V027Snapshots.swift */; };
		BE6CE16FDE42EC25FCE2012F /* KiroCreditsCard.swift in Sources */ = {isa = PBXBuildFile; fileRef = 5E75C0925B40108545FE35A3 /* KiroCreditsCard.swift */; };
		BF62F92B51A09BA238F46145 /* CostFormattingTests.swift in Sources */ = {isa = PBXBuildFile; fileRef = 3786C6898A111474E86E69D7 /* CostFormattingTests.swift */; };
		C05BB8D498AEAD0E75753738 /* SnapshotCache.swift in Sources */ = {isa = PBXBuildFile; fileRef = E51BEDB997C80D4064449061 /* SnapshotCache.swift */; };
		C32BC6E03F98362AB2AF7957 /* MultiAccountLinkageDetectorTests.swift in Sources */ = {isa = PBXBuildFile; fileRef = 4A35B8172E4530311B55BE4C /* MultiAccountLinkageDetectorTests.swift */; };
		C41E99EEEAFD859D56F08AD2 /* NotificationService.swift in Sources */ = {isa = PBXBuildFile; fileRef = 6BBBF160B317AF2B0C136E2B /* NotificationService.swift */; };
		C87E63885A58161DEE788B56 /* EmailRedaction.swift in Sources */ = {isa = PBXBuildFile; fileRef = AB6F8FEDE802C46B955E249A /* EmailRedaction.swift */; };
		C88251CF2987E9D135DFA5C0 /* CodexBarSync.framework in Frameworks */ = {isa = PBXBuildFile; fileRef = D34FB83FA26B8508F5A3D9FB /* CodexBarSync.framework */; };
		CD8A9E9C7D9155CCE3338602 /* CKRecordReservedKeyAuditTests.swift in Sources */ = {isa = PBXBuildFile; fileRef = 2E0C9A4125533AB89F20FFA7 /* CKRecordReservedKeyAuditTests.swift */; };
		CDE7E605C7EBAA5B0A171477 /* AccountIdentityNormalizeContractTests.swift in Sources */ = {isa = PBXBuildFile; fileRef = D2E4EAED2E5EE71721D32253 /* AccountIdentityNormalizeContractTests.swift */; };
		CF5946FFB17517210EEC1EFF /* CyberShareCardView.swift in Sources */ = {isa = PBXBuildFile; fileRef = 158C8DC0415A1D743CD3D63A /* CyberShareCardView.swift */; };
		D049C768680FAF4763B7F5B8 /* QuotaProviderList.swift in Sources */ = {isa = PBXBuildFile; fileRef = 1CECA0608F74E3BA76EE5910 /* QuotaProviderList.swift */; };
		D0624B0227BF503DC77AC09C /* Localizable.xcstrings in Resources */ = {isa = PBXBuildFile; fileRef = B47F282E1FA9E215551D09F6 /* Localizable.xcstrings */; };
		D4DB3A067B095809B2B2DB42 /* OpenAIDashboardSection.swift in Sources */ = {isa = PBXBuildFile; fileRef = 2A9CF0F889610D5155F92ABB /* OpenAIDashboardSection.swift */; };
		D5E7E85EEE6528E04FDA9446 /* PreviewData.swift in Sources */ = {isa = PBXBuildFile; fileRef = C92153BD74B2B08AE61B76E2 /* PreviewData.swift */; };
		DCE0242A2B08E8D23B2CCAC1 /* ClaudeAdminUsageCard.swift in Sources */ = {isa = PBXBuildFile; fileRef = AF5F72C23944E23883A57CA1 /* ClaudeAdminUsageCard.swift */; };
		E408D96A71E1052A78D540CC /* SyncErrorTests.swift in Sources */ = {isa = PBXBuildFile; fileRef = 18B11DCC99D3362E7225B2D1 /* SyncErrorTests.swift */; };
		E79487590ED842AE33B360D7 /* OnboardingView.swift in Sources */ = {isa = PBXBuildFile; fileRef = 9578A435334E38DB06D035CB /* OnboardingView.swift */; };
		E7948A0383825AE3E4A49801 /* ProviderUsageViewSubtitleTests.swift in Sources */ = {isa = PBXBuildFile; fileRef = 96F4B4918D5CB25D930D349C /* ProviderUsageViewSubtitleTests.swift */; };
		EBE2A4618178227F342DCDF4 /* NSEInvocationLog.swift in Sources */ = {isa = PBXBuildFile; fileRef = 7254D548254F139B35339EF7 /* NSEInvocationLog.swift */; };
		F032E24887BB6718E712FBE9 /* PerplexityCreditsCard.swift in Sources */ = {isa = PBXBuildFile; fileRef = 6DCD19FE389036BE565A572D /* PerplexityCreditsCard.swift */; };
		F17B695DE47773A5DF665875 /* ZaiHourlyChart.swift in Sources */ = {isa = PBXBuildFile; fileRef = DBFBF4B7241CE271554F183C /* ZaiHourlyChart.swift */; };
		F72DCBEFB2A9EF020F632516 /* UsageCardView.swift in Sources */ = {isa = PBXBuildFile; fileRef = 68E69F28C0538809129FB6D3 /* UsageCardView.swift */; };
		F78F3508FDA61D1B36D66800 /* ProviderColorPaletteTests.swift in Sources */ = {isa = PBXBuildFile; fileRef = CC94BA62C1AD26767A4958DC /* ProviderColorPaletteTests.swift */; };
		F81D7EB9E7C4A01541815B3B /* MiniMaxBillingCard.swift in Sources */ = {isa = PBXBuildFile; fileRef = B8A3ED6F54FE9763758974F3 /* MiniMaxBillingCard.swift */; };
		F869D4469A5649D0357A7FE5 /* PayloadCompression.swift in Sources */ = {isa = PBXBuildFile; fileRef = 273C987230CB40BB514BC840 /* PayloadCompression.swift */; };
		F91FAC531225917E4E86A892 /* PushSetupDiagnostic.swift in Sources */ = {isa = PBXBuildFile; fileRef = 3E96BD45E3A15C7DA40EA93F /* PushSetupDiagnostic.swift */; };
		F96A94C5A2AB38A1DB68555A /* OpenRouterStatsCard.swift in Sources */ = {isa = PBXBuildFile; fileRef = 3AF5B28EEE593B46A1604352 /* OpenRouterStatsCard.swift */; };
		F97B630E810DB48A4CB150C7 /* LinkageRecordMergeTests.swift in Sources */ = {isa = PBXBuildFile; fileRef = DCEB2C9879BAEC3DF4AEAB41 /* LinkageRecordMergeTests.swift */; };
		FD2364635784A71AE994402E /* DeviceLifecycleEventTests.swift in Sources */ = {isa = PBXBuildFile; fileRef = A4CAFB868825B9A3F09FE0AA /* DeviceLifecycleEventTests.swift */; };
		FE0F6EED9F97E88267101B6C /* GrokBillingCard.swift in Sources */ = {isa = PBXBuildFile; fileRef = E8C6050FE3CCE339F505DF43 /* GrokBillingCard.swift */; };
/* End PBXBuildFile section */

/* Begin PBXContainerItemProxy section */
		13303FE3AF80A6B5E8BBE646 /* PBXContainerItemProxy */ = {
			isa = PBXContainerItemProxy;
			containerPortal = C4095294D0D55415E29FF461 /* Project object */;
			proxyType = 1;
			remoteGlobalIDString = BFE9125269D971C3EB23E583;
			remoteInfo = CodexBarMobile;
		};
		9C3CFABC95E5ADB27A5E2A33 /* PBXContainerItemProxy */ = {
			isa = PBXContainerItemProxy;
			containerPortal = C4095294D0D55415E29FF461 /* Project object */;
			proxyType = 1;
			remoteGlobalIDString = 5547EC44D00232824E4A565F;
			remoteInfo = CodexBarSync;
		};
		B45C5B25C6A221E251454AA0 /* PBXContainerItemProxy */ = {
			isa = PBXContainerItemProxy;
			containerPortal = C4095294D0D55415E29FF461 /* Project object */;
			proxyType = 1;
			remoteGlobalIDString = 5547EC44D00232824E4A565F;
			remoteInfo = CodexBarSync;
		};
		D7570DCE00FB4C0F1BD0B855 /* PBXContainerItemProxy */ = {
			isa = PBXContainerItemProxy;
			containerPortal = C4095294D0D55415E29FF461 /* Project object */;
			proxyType = 1;
			remoteGlobalIDString = 5547EC44D00232824E4A565F;
			remoteInfo = CodexBarSync;
		};
		F95569C617FAAFA5B7E52141 /* PBXContainerItemProxy */ = {
			isa = PBXContainerItemProxy;
			containerPortal = C4095294D0D55415E29FF461 /* Project object */;
			proxyType = 1;
			remoteGlobalIDString = BFE9125269D971C3EB23E583;
			remoteInfo = CodexBarMobile;
		};
		FC2AFEF0C1A62639AE155332 /* PBXContainerItemProxy */ = {
			isa = PBXContainerItemProxy;
			containerPortal = C4095294D0D55415E29FF461 /* Project object */;
			proxyType = 1;
			remoteGlobalIDString = 59BBAD176F2AF8C44F838B73;
			remoteInfo = CodexBarMobilePushExtension;
		};
/* End PBXContainerItemProxy section */

/* Begin PBXCopyFilesBuildPhase section */
		A604DB7C28C561BD55D2E3C9 /* Embed Foundation Extensions */ = {
			isa = PBXCopyFilesBuildPhase;
			buildActionMask = 2147483647;
			dstPath = "";
			dstSubfolderSpec = 13;
			files = (
				61BEB22E497DAC7C2FE2AC9C /* CodexBarMobilePushExtension.appex in Embed Foundation Extensions */,
			);
			name = "Embed Foundation Extensions";
			runOnlyForDeploymentPostprocessing = 0;
		};
		B1D3390E3B77D1D40386B376 /* Embed Frameworks */ = {
			isa = PBXCopyFilesBuildPhase;
			buildActionMask = 2147483647;
			dstPath = "";
			dstSubfolderSpec = 10;
			files = (
				A8ECDA27E9F213AFA6A13FAB /* CodexBarSync.framework in Embed Frameworks */,
			);
			name = "Embed Frameworks";
			runOnlyForDeploymentPostprocessing = 0;
		};
		F253D23544817018CDEE7036 /* Embed Frameworks */ = {
			isa = PBXCopyFilesBuildPhase;
			buildActionMask = 2147483647;
			dstPath = "";
			dstSubfolderSpec = 10;
			files = (
				5318530147AE0495BD05345D /* CodexBarSync.framework in Embed Frameworks */,
			);
			name = "Embed Frameworks";
			runOnlyForDeploymentPostprocessing = 0;
		};
/* End PBXCopyFilesBuildPhase section */

/* Begin PBXFileReference section */
		01AA3F7A048F7301BC92A1A2 /* QuotaZoneNotificationParser.swift */ = {isa = PBXFileReference; lastKnownFileType = sourcecode.swift; path = QuotaZoneNotificationParser.swift; sourceTree = "<group>"; };
		04473E13F793B1EDF3EF4280 /* Assets.xcassets */ = {isa = PBXFileReference; lastKnownFileType = folder.assetcatalog; path = Assets.xcassets; sourceTree = "<group>"; };
		0A73B8C46F2108FB61B56B64 /* CWLSeedTests.swift */ = {isa = PBXFileReference; lastKnownFileType = sourcecode.swift; path = CWLSeedTests.swift; sourceTree = "<group>"; };
		0AC8949E5A683B18E778EAC3 /* CloudSyncReader.swift */ = {isa = PBXFileReference; lastKnownFileType = sourcecode.swift; path = CloudSyncReader.swift; sourceTree = "<group>"; };
		0BC3BD9EFBA38613A27A03C6 /* MoonshotBalanceCard.swift */ = {isa = PBXFileReference; lastKnownFileType = sourcecode.swift; path = MoonshotBalanceCard.swift; sourceTree = "<group>"; };
		11E7C1D372FC60DBC88221B1 /* SameMacMultiAccountMergeTests.swift */ = {isa = PBXFileReference; lastKnownFileType = sourcecode.swift; path = SameMacMultiAccountMergeTests.swift; sourceTree = "<group>"; };
		13047F3A04FEB413C5E079B0 /* MockProviderBanner.swift */ = {isa = PBXFileReference; lastKnownFileType = sourcecode.swift; path = MockProviderBanner.swift; sourceTree = "<group>"; };
		14429075896F45B38264DC77 /* CloudSyncManager.swift */ = {isa = PBXFileReference; lastKnownFileType = sourcecode.swift; path = CloudSyncManager.swift; sourceTree = "<group>"; };
		148D664C4F52FEB3A2993FE7 /* SyncCostSummary+Today.swift */ = {isa = PBXFileReference; lastKnownFileType = sourcecode.swift; path = "SyncCostSummary+Today.swift"; sourceTree = "<group>"; };
		157142B7B8F8ADF6A79DCD07 /* V026ViewSmokeTests.swift */ = {isa = PBXFileReference; lastKnownFileType = sourcecode.swift; path = V026ViewSmokeTests.swift; sourceTree = "<group>"; };
		158C8DC0415A1D743CD3D63A /* CyberShareCardView.swift */ = {isa = PBXFileReference; lastKnownFileType = sourcecode.swift; path = CyberShareCardView.swift; sourceTree = "<group>"; };
		18B11DCC99D3362E7225B2D1 /* SyncErrorTests.swift */ = {isa = PBXFileReference; lastKnownFileType = sourcecode.swift; path = SyncErrorTests.swift; sourceTree = "<group>"; };
		19CF055050A36BB624EF0AA0 /* V037Snapshots.swift */ = {isa = PBXFileReference; lastKnownFileType = sourcecode.swift; path = V037Snapshots.swift; sourceTree = "<group>"; };
		1C3F51A2F6DE018A276166F7 /* PrivacyInfo.xcprivacy */ = {isa = PBXFileReference; path = PrivacyInfo.xcprivacy; sourceTree = "<group>"; };
		1C9038A6A037C9329348C876 /* MockProviderDetectorTests.swift */ = {isa = PBXFileReference; lastKnownFileType = sourcecode.swift; path = MockProviderDetectorTests.swift; sourceTree = "<group>"; };
		1CECA0608F74E3BA76EE5910 /* QuotaProviderList.swift */ = {isa = PBXFileReference; lastKnownFileType = sourcecode.swift; path = QuotaProviderList.swift; sourceTree = "<group>"; };
		1F8C8BB69CA51A514FF41E14 /* MultiAccountForEachIdentityTests.swift */ = {isa = PBXFileReference; lastKnownFileType = sourcecode.swift; path = MultiAccountForEachIdentityTests.swift; sourceTree = "<group>"; };
		20CA4E5C7B1091C018B038D4 /* CostLedgerModels.swift */ = {isa = PBXFileReference; lastKnownFileType = sourcecode.swift; path = CostLedgerModels.swift; sourceTree = "<group>"; };
		247726F710DF2854B553518D /* ClaudePeakHoursTests.swift */ = {isa = PBXFileReference; lastKnownFileType = sourcecode.swift; path = ClaudePeakHoursTests.swift; sourceTree = "<group>"; };
		252CB6CF0CDF983CD183384F /* MobileChartAxisFormatter.swift */ = {isa = PBXFileReference; lastKnownFileType = sourcecode.swift; path = MobileChartAxisFormatter.swift; sourceTree = "<group>"; };
		252E82C4DE92C8734EDD3F33 /* AccountIdentityNormalize.swift */ = {isa = PBXFileReference; lastKnownFileType = sourcecode.swift; path = AccountIdentityNormalize.swift; sourceTree = "<group>"; };
		25CF646B494D13FACA4ED547 /* MultiAccountTabRenderingTests.swift */ = {isa = PBXFileReference; lastKnownFileType = sourcecode.swift; path = MultiAccountTabRenderingTests.swift; sourceTree = "<group>"; };
		273C987230CB40BB514BC840 /* PayloadCompression.swift */ = {isa = PBXFileReference; lastKnownFileType = sourcecode.swift; path = PayloadCompression.swift; sourceTree = "<group>"; };
		29C5E714FA876A9617524529 /* SnapshotCacheTests.swift */ = {isa = PBXFileReference; lastKnownFileType = sourcecode.swift; path = SnapshotCacheTests.swift; sourceTree = "<group>"; };
		2A9CF0F889610D5155F92ABB /* OpenAIDashboardSection.swift */ = {isa = PBXFileReference; lastKnownFileType = sourcecode.swift; path = OpenAIDashboardSection.swift; sourceTree = "<group>"; };
		2A9DEF83A84D41E10E1D6B2B /* CodexResetCreditsCard.swift */ = {isa = PBXFileReference; lastKnownFileType = sourcecode.swift; path = CodexResetCreditsCard.swift; sourceTree = "<group>"; };
		2C98FA5E42A83275CBD79FDB /* QuotaZoneNotificationParserTests.swift */ = {isa = PBXFileReference; lastKnownFileType = sourcecode.swift; path = QuotaZoneNotificationParserTests.swift; sourceTree = "<group>"; };
		2E0C9A4125533AB89F20FFA7 /* CKRecordReservedKeyAuditTests.swift */ = {isa = PBXFileReference; lastKnownFileType = sourcecode.swift; path = CKRecordReservedKeyAuditTests.swift; sourceTree = "<group>"; };
		32F236B9E5AABE3378DAF97F /* SyncModelTests.swift */ = {isa = PBXFileReference; lastKnownFileType = sourcecode.swift; path = SyncModelTests.swift; sourceTree = "<group>"; };
		33F82F1127C024B177B420DE /* OpenCodeGoZenBalanceCard.swift */ = {isa = PBXFileReference; lastKnownFileType = sourcecode.swift; path = OpenCodeGoZenBalanceCard.swift; sourceTree = "<group>"; };
		342E84EEC0EB349DE2BEB11B /* SyncQuotaWarningConfig.swift */ = {isa = PBXFileReference; lastKnownFileType = sourcecode.swift; path = SyncQuotaWarningConfig.swift; sourceTree = "<group>"; };
		36903C779CD4AE98147A83BB /* ClaudeExtraUsageCard.swift */ = {isa = PBXFileReference; lastKnownFileType = sourcecode.swift; path = ClaudeExtraUsageCard.swift; sourceTree = "<group>"; };
		3786C6898A111474E86E69D7 /* CostFormattingTests.swift */ = {isa = PBXFileReference; lastKnownFileType = sourcecode.swift; path = CostFormattingTests.swift; sourceTree = "<group>"; };
		3AF5B28EEE593B46A1604352 /* OpenRouterStatsCard.swift */ = {isa = PBXFileReference; lastKnownFileType = sourcecode.swift; path = OpenRouterStatsCard.swift; sourceTree = "<group>"; };
		3CAFBA243E25814E22BAAA6B /* ProviderUsageView.swift */ = {isa = PBXFileReference; lastKnownFileType = sourcecode.swift; path = ProviderUsageView.swift; sourceTree = "<group>"; };
		3E6F79FB9AFFC795399FAFBF /* SwiftDataBridgeTests.swift */ = {isa = PBXFileReference; lastKnownFileType = sourcecode.swift; path = SwiftDataBridgeTests.swift; sourceTree = "<group>"; };
		3E96BD45E3A15C7DA40EA93F /* PushSetupDiagnostic.swift */ = {isa = PBXFileReference; lastKnownFileType = sourcecode.swift; path = PushSetupDiagnostic.swift; sourceTree = "<group>"; };
		44D42B29EEA7ECECF396429B /* ViewCacheIdentityTests.swift */ = {isa = PBXFileReference; lastKnownFileType = sourcecode.swift; path = ViewCacheIdentityTests.swift; sourceTree = "<group>"; };
		474666AF420748DBF714EED5 /* TestFixtures.swift */ = {isa = PBXFileReference; lastKnownFileType = sourcecode.swift; path = TestFixtures.swift; sourceTree = "<group>"; };
		476A6254529A7B50A57AB777 /* ProviderUsageSnapshot+QuotaWarnings.swift */ = {isa = PBXFileReference; lastKnownFileType = sourcecode.swift; path = "ProviderUsageSnapshot+QuotaWarnings.swift"; sourceTree = "<group>"; };
		477F069536CCC8340DF0B198 /* DeepSeekUsageCard.swift */ = {isa = PBXFileReference; lastKnownFileType = sourcecode.swift; path = DeepSeekUsageCard.swift; sourceTree = "<group>"; };
		48D17C7D2668994C4942329B /* SyncedUsageData.swift */ = {isa = PBXFileReference; lastKnownFileType = sourcecode.swift; path = SyncedUsageData.swift; sourceTree = "<group>"; };
		49BBB0416BFC7E4E74CC4B6C /* UtilizationHistoryView.swift */ = {isa = PBXFileReference; lastKnownFileType = sourcecode.swift; path = UtilizationHistoryView.swift; sourceTree = "<group>"; };
		4A35B8172E4530311B55BE4C /* MultiAccountLinkageDetectorTests.swift */ = {isa = PBXFileReference; lastKnownFileType = sourcecode.swift; path = MultiAccountLinkageDetectorTests.swift; sourceTree = "<group>"; };
		4DDEAEEF583AFDE3D29A18C3 /* QuotaTransitionSubscriptionsTests.swift */ = {isa = PBXFileReference; lastKnownFileType = sourcecode.swift; path = QuotaTransitionSubscriptionsTests.swift; sourceTree = "<group>"; };
		523FB93D267EE1CADF39FE8F /* Info.plist */ = {isa = PBXFileReference; lastKnownFileType = text.plist; path = Info.plist; sourceTree = "<group>"; };
		5639281ED3BA765C9553C8B9 /* MultiAccountLinkageCandidate.swift */ = {isa = PBXFileReference; lastKnownFileType = sourcecode.swift; path = MultiAccountLinkageCandidate.swift; sourceTree = "<group>"; };
		57D94028CBE4AB12A131F439 /* CWLSchemaTests.swift */ = {isa = PBXFileReference; lastKnownFileType = sourcecode.swift; path = CWLSchemaTests.swift; sourceTree = "<group>"; };
		5A393218B2702DC47F1003A5 /* SnapshotIdentityKeyTests.swift */ = {isa = PBXFileReference; lastKnownFileType = sourcecode.swift; path = SnapshotIdentityKeyTests.swift; sourceTree = "<group>"; };
		5E75C0925B40108545FE35A3 /* KiroCreditsCard.swift */ = {isa = PBXFileReference; lastKnownFileType = sourcecode.swift; path = KiroCreditsCard.swift; sourceTree = "<group>"; };
		621D68074A776C6DDAE3E81D /* ProviderAccountGroupTests.swift */ = {isa = PBXFileReference; lastKnownFileType = sourcecode.swift; path = ProviderAccountGroupTests.swift; sourceTree = "<group>"; };
		637E4394D6D0E0F76AFD654A /* ProviderColorPalette.swift */ = {isa = PBXFileReference; lastKnownFileType = sourcecode.swift; path = ProviderColorPalette.swift; sourceTree = "<group>"; };
		639A4CD0CDA802F15E954D5B /* ProviderUsageEnvelope.swift */ = {isa = PBXFileReference; lastKnownFileType = sourcecode.swift; path = ProviderUsageEnvelope.swift; sourceTree = "<group>"; };
		6437373216327448BEA9E0A2 /* CostLedgerService.swift */ = {isa = PBXFileReference; lastKnownFileType = sourcecode.swift; path = CostLedgerService.swift; sourceTree = "<group>"; };
		646750577DC086F6AB6026FD /* ClaudePeakHours.swift */ = {isa = PBXFileReference; lastKnownFileType = sourcecode.swift; path = ClaudePeakHours.swift; sourceTree = "<group>"; };
		6469C96DB80CE222DDD8EC78 /* MockBadgeView.swift */ = {isa = PBXFileReference; lastKnownFileType = sourcecode.swift; path = MockBadgeView.swift; sourceTree = "<group>"; };
		68E69F28C0538809129FB6D3 /* UsageCardView.swift */ = {isa = PBXFileReference; lastKnownFileType = sourcecode.swift; path = UsageCardView.swift; sourceTree = "<group>"; };
		6AF7B6A222FD3554CA455D8E /* SyncQuotaWarningConfigTests.swift */ = {isa = PBXFileReference; lastKnownFileType = sourcecode.swift; path = SyncQuotaWarningConfigTests.swift; sourceTree = "<group>"; };
		6B9D488D2E7E34286B71E8E7 /* UsageSnapshot.swift */ = {isa = PBXFileReference; lastKnownFileType = sourcecode.swift; path = UsageSnapshot.swift; sourceTree = "<group>"; };
		6BBBF160B317AF2B0C136E2B /* NotificationService.swift */ = {isa = PBXFileReference; lastKnownFileType = sourcecode.swift; path = NotificationService.swift; sourceTree = "<group>"; };
		6BD0E1383E24DC8971D852C2 /* SwiftDataBridge.swift */ = {isa = PBXFileReference; lastKnownFileType = sourcecode.swift; path = SwiftDataBridge.swift; sourceTree = "<group>"; };
		6C72A51985FA627302CDAC57 /* CostShareService.swift */ = {isa = PBXFileReference; lastKnownFileType = sourcecode.swift; path = CostShareService.swift; sourceTree = "<group>"; };
		6DCD19FE389036BE565A572D /* PerplexityCreditsCard.swift */ = {isa = PBXFileReference; lastKnownFileType = sourcecode.swift; path = PerplexityCreditsCard.swift; sourceTree = "<group>"; };
		6F8B2EE4A4A283389BC42245 /* ContentView.swift */ = {isa = PBXFileReference; lastKnownFileType = sourcecode.swift; path = ContentView.swift; sourceTree = "<group>"; };
		7254D548254F139B35339EF7 /* NSEInvocationLog.swift */ = {isa = PBXFileReference; lastKnownFileType = sourcecode.swift; path = NSEInvocationLog.swift; sourceTree = "<group>"; };
		74B0A596604D1C8CA137C073 /* CostMetricCard.swift */ = {isa = PBXFileReference; lastKnownFileType = sourcecode.swift; path = CostMetricCard.swift; sourceTree = "<group>"; };
		777FFCFF0443DD9AC52685CD /* ElevenLabsCreditsCard.swift */ = {isa = PBXFileReference; lastKnownFileType = sourcecode.swift; path = ElevenLabsCreditsCard.swift; sourceTree = "<group>"; };
		77C776CEA57C84E7ECA6192C /* BudgetProgressView.swift */ = {isa = PBXFileReference; lastKnownFileType = sourcecode.swift; path = BudgetProgressView.swift; sourceTree = "<group>"; };
		79B9DE156699CE9E8DF9A818 /* CWLEquivalenceTests.swift */ = {isa = PBXFileReference; lastKnownFileType = sourcecode.swift; path = CWLEquivalenceTests.swift; sourceTree = "<group>"; };
		7A260F62AFF50B05ED7E6401 /* ShareCardRenderTests.swift */ = {isa = PBXFileReference; lastKnownFileType = sourcecode.swift; path = ShareCardRenderTests.swift; sourceTree = "<group>"; };
		7AAB8310784E24CC51831768 /* ProviderAccountLinkage.swift */ = {isa = PBXFileReference; lastKnownFileType = sourcecode.swift; path = ProviderAccountLinkage.swift; sourceTree = "<group>"; };
		7AABCE82169AC4EF72708082 /* CWLAggregateTests.swift */ = {isa = PBXFileReference; lastKnownFileType = sourcecode.swift; path = CWLAggregateTests.swift; sourceTree = "<group>"; };
		81B87DC9EB24AAEFE036F9F7 /* CodexBarMobilePushExtension.appex */ = {isa = PBXFileReference; includeInIndex = 0; lastKnownFileType = "wrapper.app-extension"; path = CodexBarMobilePushExtension.appex; sourceTree = BUILT_PRODUCTS_DIR; };
		82B8A4D1FFD04AA72E89022F /* MobileDisplayPreferences.swift */ = {isa = PBXFileReference; lastKnownFileType = sourcecode.swift; path = MobileDisplayPreferences.swift; sourceTree = "<group>"; };
		8515047932479670A9749119 /* CostShareSheet.swift */ = {isa = PBXFileReference; lastKnownFileType = sourcecode.swift; path = CostShareSheet.swift; sourceTree = "<group>"; };
		87DED80F5FABD5A2FBAF5F98 /* UtilizationAggregateView.swift */ = {isa = PBXFileReference; lastKnownFileType = sourcecode.swift; path = UtilizationAggregateView.swift; sourceTree = "<group>"; };
		8D0855CD28B09BC6FE3D911E /* GroqMetricsCard.swift */ = {isa = PBXFileReference; lastKnownFileType = sourcecode.swift; path = GroqMetricsCard.swift; sourceTree = "<group>"; };
		8D15EF2654204A9652A1F59F /* SubscriptionUtilizationCompatTests.swift */ = {isa = PBXFileReference; lastKnownFileType = sourcecode.swift; path = SubscriptionUtilizationCompatTests.swift; sourceTree = "<group>"; };
		91D669E4E22F7C5868623D33 /* PushExtension.entitlements */ = {isa = PBXFileReference; lastKnownFileType = text.plist.entitlements; path = PushExtension.entitlements; sourceTree = "<group>"; };
		947901EA2B0C4A99FF204533 /* CostFormatting.swift */ = {isa = PBXFileReference; lastKnownFileType = sourcecode.swift; path = CostFormatting.swift; sourceTree = "<group>"; };
		9578A435334E38DB06D035CB /* OnboardingView.swift */ = {isa = PBXFileReference; lastKnownFileType = sourcecode.swift; path = OnboardingView.swift; sourceTree = "<group>"; };
		96F4B4918D5CB25D930D349C /* ProviderUsageViewSubtitleTests.swift */ = {isa = PBXFileReference; lastKnownFileType = sourcecode.swift; path = ProviderUsageViewSubtitleTests.swift; sourceTree = "<group>"; };
		9B39BE9838341CBABA2ED1F6 /* SwiftDataSchema.swift */ = {isa = PBXFileReference; lastKnownFileType = sourcecode.swift; path = SwiftDataSchema.swift; sourceTree = "<group>"; };
		9CCC87791F1A5C860229EACF /* MobileDisplayFormattingTests.swift */ = {isa = PBXFileReference; lastKnownFileType = sourcecode.swift; path = MobileDisplayFormattingTests.swift; sourceTree = "<group>"; };
		9E9B0D8C60F57D4E7DC98890 /* BedrockCostCard.swift */ = {isa = PBXFileReference; lastKnownFileType = sourcecode.swift; path = BedrockCostCard.swift; sourceTree = "<group>"; };
		9F2CB0BE3DD9918D7E958219 /* ModelContainerFactory.swift */ = {isa = PBXFileReference; lastKnownFileType = sourcecode.swift; path = ModelContainerFactory.swift; sourceTree = "<group>"; };
		A40C52452E873B1A89E7AD21 /* CodexBarMobileUITests.xctest */ = {isa = PBXFileReference; includeInIndex = 0; lastKnownFileType = wrapper.cfbundle; path = CodexBarMobileUITests.xctest; sourceTree = BUILT_PRODUCTS_DIR; };
		A45A7C39DD816CBE4C4EF9EB /* CodexBarMobile.app */ = {isa = PBXFileReference; includeInIndex = 0; lastKnownFileType = wrapper.application; path = CodexBarMobile.app; sourceTree = BUILT_PRODUCTS_DIR; };
		A4CAFB868825B9A3F09FE0AA /* DeviceLifecycleEventTests.swift */ = {isa = PBXFileReference; lastKnownFileType = sourcecode.swift; path = DeviceLifecycleEventTests.swift; sourceTree = "<group>"; };
		A5404A3DBB0C65C3C3C8D8ED /* ProviderAccountGroup.swift */ = {isa = PBXFileReference; lastKnownFileType = sourcecode.swift; path = ProviderAccountGroup.swift; sourceTree = "<group>"; };
		A9F340DA45364A878F1BB616 /* V027Snapshots.swift */ = {isa = PBXFileReference; lastKnownFileType = sourcecode.swift; path = V027Snapshots.swift; sourceTree = "<group>"; };
		AA293C8F7A388B3FE79C2856 /* DeepgramUsageCard.swift */ = {isa = PBXFileReference; lastKnownFileType = sourcecode.swift; path = DeepgramUsageCard.swift; sourceTree = "<group>"; };
		AB6F8FEDE802C46B955E249A /* EmailRedaction.swift */ = {isa = PBXFileReference; lastKnownFileType = sourcecode.swift; path = EmailRedaction.swift; sourceTree = "<group>"; };
		AEB7FFB253C0CC0CA9876CCB /* CostShareCardView.swift */ = {isa = PBXFileReference; lastKnownFileType = sourcecode.swift; path = CostShareCardView.swift; sourceTree = "<group>"; };
		AF5F72C23944E23883A57CA1 /* ClaudeAdminUsageCard.swift */ = {isa = PBXFileReference; lastKnownFileType = sourcecode.swift; path = ClaudeAdminUsageCard.swift; sourceTree = "<group>"; };
		B07946DD625AF9E4DFFFAB41 /* AntigravityAccountSwitcher.swift */ = {isa = PBXFileReference; lastKnownFileType = sourcecode.swift; path = AntigravityAccountSwitcher.swift; sourceTree = "<group>"; };
		B22B4D560AC765604858E821 /* LLMProxyStatsCard.swift */ = {isa = PBXFileReference; lastKnownFileType = sourcecode.swift; path = LLMProxyStatsCard.swift; sourceTree = "<group>"; };
		B2C6897E84FB3CBD02DC3D8C /* AlibabaTokenPlanCard.swift */ = {isa = PBXFileReference; lastKnownFileType = sourcecode.swift; path = AlibabaTokenPlanCard.swift; sourceTree = "<group>"; };
		B47F282E1FA9E215551D09F6 /* Localizable.xcstrings */ = {isa = PBXFileReference; lastKnownFileType = text.json.xcstrings; path = Localizable.xcstrings; sourceTree = "<group>"; };
		B4E315BCDE160D8764FE14F2 /* AccountIdentityMergeTests.swift */ = {isa = PBXFileReference; lastKnownFileType = sourcecode.swift; path = AccountIdentityMergeTests.swift; sourceTree = "<group>"; };
		B69F7C48865EEA356A9C86CC /* DeviceLifecycleEvent.swift */ = {isa = PBXFileReference; lastKnownFileType = sourcecode.swift; path = DeviceLifecycleEvent.swift; sourceTree = "<group>"; };
		B8A3ED6F54FE9763758974F3 /* MiniMaxBillingCard.swift */ = {isa = PBXFileReference; lastKnownFileType = sourcecode.swift; path = MiniMaxBillingCard.swift; sourceTree = "<group>"; };
		BC74955D108073474BBBAB91 /* CWLMigrationTests.swift */ = {isa = PBXFileReference; lastKnownFileType = sourcecode.swift; path = CWLMigrationTests.swift; sourceTree = "<group>"; };
		BC8893A8B73134178D35F274 /* CloudKitMergeTests.swift */ = {isa = PBXFileReference; lastKnownFileType = sourcecode.swift; path = CloudKitMergeTests.swift; sourceTree = "<group>"; };
		BCE6CB7DCBC0976E4414C63D /* V029Snapshots.swift */ = {isa = PBXFileReference; lastKnownFileType = sourcecode.swift; path = V029Snapshots.swift; sourceTree = "<group>"; };
		C1DABA431C3A96BC06782271 /* ModelContainerFactoryTests.swift */ = {isa = PBXFileReference; lastKnownFileType = sourcecode.swift; path = ModelContainerFactoryTests.swift; sourceTree = "<group>"; };
		C39869539C7AAD1E71CCEDD6 /* V026SettingsTogglesTests.swift */ = {isa = PBXFileReference; lastKnownFileType = sourcecode.swift; path = V026SettingsTogglesTests.swift; sourceTree = "<group>"; };
		C3D273F51CDB63F11D2E772A /* QuotaProviderListTests.swift */ = {isa = PBXFileReference; lastKnownFileType = sourcecode.swift; path = QuotaProviderListTests.swift; sourceTree = "<group>"; };
		C64C2DA34FBFB5523DC71C9B /* MockProviderDetector.swift */ = {isa = PBXFileReference; lastKnownFileType = sourcecode.swift; path = MockProviderDetector.swift; sourceTree = "<group>"; };
		C92153BD74B2B08AE61B76E2 /* PreviewData.swift */ = {isa = PBXFileReference; lastKnownFileType = sourcecode.swift; path = PreviewData.swift; sourceTree = "<group>"; };
		CA3103C9F58F4D43F9FD73A2 /* AzureOpenAIInfoCard.swift */ = {isa = PBXFileReference; lastKnownFileType = sourcecode.swift; path = AzureOpenAIInfoCard.swift; sourceTree = "<group>"; };
		CB05AAA074EEE8CC4379BD42 /* ProviderDetailView.swift */ = {isa = PBXFileReference; lastKnownFileType = sourcecode.swift; path = ProviderDetailView.swift; sourceTree = "<group>"; };
		CC94BA62C1AD26767A4958DC /* ProviderColorPaletteTests.swift */ = {isa = PBXFileReference; lastKnownFileType = sourcecode.swift; path = ProviderColorPaletteTests.swift; sourceTree = "<group>"; };
		CCB5B03C39186CBC42C349F8 /* EmptyStateView.swift */ = {isa = PBXFileReference; lastKnownFileType = sourcecode.swift; path = EmptyStateView.swift; sourceTree = "<group>"; };
		CD23AC662BA5C3E4D5F512AB /* CodexBarMobile.entitlements */ = {isa = PBXFileReference; lastKnownFileType = text.plist.entitlements; path = CodexBarMobile.entitlements; sourceTree = "<group>"; };
		CFFC39F091B19A1DE9F2E7C7 /* CloudConstants.swift */ = {isa = PBXFileReference; lastKnownFileType = sourcecode.swift; path = CloudConstants.swift; sourceTree = "<group>"; };
		D03B5D90026D623962989109 /* V026Snapshots.swift */ = {isa = PBXFileReference; lastKnownFileType = sourcecode.swift; path = V026Snapshots.swift; sourceTree = "<group>"; };
		D0629321562B420C752FB0A8 /* CWLWriterTests.swift */ = {isa = PBXFileReference; lastKnownFileType = sourcecode.swift; path = CWLWriterTests.swift; sourceTree = "<group>"; };
		D094735B11258986C3F6032E /* Info.plist */ = {isa = PBXFileReference; lastKnownFileType = text.plist; path = Info.plist; sourceTree = "<group>"; };
		D2E4EAED2E5EE71721D32253 /* AccountIdentityNormalizeContractTests.swift */ = {isa = PBXFileReference; lastKnownFileType = sourcecode.swift; path = AccountIdentityNormalizeContractTests.swift; sourceTree = "<group>"; };
		D34FB83FA26B8508F5A3D9FB /* CodexBarSync.framework */ = {isa = PBXFileReference; explicitFileType = wrapper.framework; includeInIndex = 0; path = CodexBarSync.framework; sourceTree = BUILT_PRODUCTS_DIR; };
		DBFBF4B7241CE271554F183C /* ZaiHourlyChart.swift */ = {isa = PBXFileReference; lastKnownFileType = sourcecode.swift; path = ZaiHourlyChart.swift; sourceTree = "<group>"; };
		DC3A52976034BA3F0CA44327 /* CodexBarMobileApp.swift */ = {isa = PBXFileReference; lastKnownFileType = sourcecode.swift; path = CodexBarMobileApp.swift; sourceTree = "<group>"; };
		DCEB2C9879BAEC3DF4AEAB41 /* LinkageRecordMergeTests.swift */ = {isa = PBXFileReference; lastKnownFileType = sourcecode.swift; path = LinkageRecordMergeTests.swift; sourceTree = "<group>"; };
		DDF19DFB181532F757F35E7C /* CWLPerformanceTests.swift */ = {isa = PBXFileReference; lastKnownFileType = sourcecode.swift; path = CWLPerformanceTests.swift; sourceTree = "<group>"; };
		E16DA26E9BEFB5354A725F99 /* DeviceProviderZoneSubscription.swift */ = {isa = PBXFileReference; lastKnownFileType = sourcecode.swift; path = DeviceProviderZoneSubscription.swift; sourceTree = "<group>"; };
		E29AF435AB2A4FE691117704 /* V030Snapshots.swift */ = {isa = PBXFileReference; lastKnownFileType = sourcecode.swift; path = V030Snapshots.swift; sourceTree = "<group>"; };
		E51BEDB997C80D4064449061 /* SnapshotCache.swift */ = {isa = PBXFileReference; lastKnownFileType = sourcecode.swift; path = SnapshotCache.swift; sourceTree = "<group>"; };
		E53728795F865E33900DA3C3 /* CodexBarMobileUITests.swift */ = {isa = PBXFileReference; lastKnownFileType = sourcecode.swift; path = CodexBarMobileUITests.swift; sourceTree = "<group>"; };
		E8C6050FE3CCE339F505DF43 /* GrokBillingCard.swift */ = {isa = PBXFileReference; lastKnownFileType = sourcecode.swift; path = GrokBillingCard.swift; sourceTree = "<group>"; };
		F06B5BB1489F508FCD20228A /* DualZoneReaderTests.swift */ = {isa = PBXFileReference; lastKnownFileType = sourcecode.swift; path = DualZoneReaderTests.swift; sourceTree = "<group>"; };
		F1706346D05559DDD5AA66F0 /* CodexBarMobileTests.xctest */ = {isa = PBXFileReference; includeInIndex = 0; lastKnownFileType = wrapper.cfbundle; path = CodexBarMobileTests.xctest; sourceTree = BUILT_PRODUCTS_DIR; };
		F2BA90E690B546A77A86EE29 /* QuotaTransitionSubscriptions.swift */ = {isa = PBXFileReference; lastKnownFileType = sourcecode.swift; path = QuotaTransitionSubscriptions.swift; sourceTree = "<group>"; };
		F63562F3CAD90EB09C32903E /* V026RenderedTextTests.swift */ = {isa = PBXFileReference; lastKnownFileType = sourcecode.swift; path = V026RenderedTextTests.swift; sourceTree = "<group>"; };
		FA73FB0C58DB34861BD5E35F /* ProviderUsageSnapshot+Identity.swift */ = {isa = PBXFileReference; lastKnownFileType = sourcecode.swift; path = "ProviderUsageSnapshot+Identity.swift"; sourceTree = "<group>"; };
		FD8478C8A0C9D8732B72F7CB /* CodexWorkspaceBadge.swift */ = {isa = PBXFileReference; lastKnownFileType = sourcecode.swift; path = CodexWorkspaceBadge.swift; sourceTree = "<group>"; };
/* End PBXFileReference section */

/* Begin PBXFrameworksBuildPhase section */
		4251029BEF52B56E0E090364 /* Frameworks */ = {
			isa = PBXFrameworksBuildPhase;
			buildActionMask = 2147483647;
			files = (
				C88251CF2987E9D135DFA5C0 /* CodexBarSync.framework in Frameworks */,
			);
			runOnlyForDeploymentPostprocessing = 0;
		};
		8C3EC901AA02BB1D1A8D0105 /* Frameworks */ = {
			isa = PBXFrameworksBuildPhase;
			buildActionMask = 2147483647;
			files = (
				9A1752C4414B06CE642241FB /* CodexBarSync.framework in Frameworks */,
			);
			runOnlyForDeploymentPostprocessing = 0;
		};
		C11E8A8A0235BC717D7E9850 /* Frameworks */ = {
			isa = PBXFrameworksBuildPhase;
			buildActionMask = 2147483647;
			files = (
				07F02876676ED6B3B7B4A6AD /* CodexBarSync.framework in Frameworks */,
			);
			runOnlyForDeploymentPostprocessing = 0;
		};
/* End PBXFrameworksBuildPhase section */

/* Begin PBXGroup section */
		07432B82F0DB64FB138D0C2C /* CodexBarMobile */ = {
			isa = PBXGroup;
			children = (
				04473E13F793B1EDF3EF4280 /* Assets.xcassets */,
				CD23AC662BA5C3E4D5F512AB /* CodexBarMobile.entitlements */,
				DC3A52976034BA3F0CA44327 /* CodexBarMobileApp.swift */,
				6F8B2EE4A4A283389BC42245 /* ContentView.swift */,
				D094735B11258986C3F6032E /* Info.plist */,
				B47F282E1FA9E215551D09F6 /* Localizable.xcstrings */,
				1C3F51A2F6DE018A276166F7 /* PrivacyInfo.xcprivacy */,
				78C0055577F3BF5232A8324A /* iCloud */,
				E885519810099589A32096E1 /* Models */,
				40BA5B6E45635D96D7A39618 /* Notifications */,
				72BD66B5E4391FD19D1AAEF4 /* Preview Content */,
				566A10A064D398A8177F2520 /* Storage */,
				EF6BE6D5AF77B9CC16AAFBA3 /* Views */,
			);
			path = CodexBarMobile;
			sourceTree = "<group>";
		};
		083215A88C2B4B4095D1CE98 /* CodexBarMobileTests */ = {
			isa = PBXGroup;
			children = (
				B4E315BCDE160D8764FE14F2 /* AccountIdentityMergeTests.swift */,
				D2E4EAED2E5EE71721D32253 /* AccountIdentityNormalizeContractTests.swift */,
				2E0C9A4125533AB89F20FFA7 /* CKRecordReservedKeyAuditTests.swift */,
				247726F710DF2854B553518D /* ClaudePeakHoursTests.swift */,
				BC8893A8B73134178D35F274 /* CloudKitMergeTests.swift */,
				3786C6898A111474E86E69D7 /* CostFormattingTests.swift */,
				A4CAFB868825B9A3F09FE0AA /* DeviceLifecycleEventTests.swift */,
				F06B5BB1489F508FCD20228A /* DualZoneReaderTests.swift */,
				DCEB2C9879BAEC3DF4AEAB41 /* LinkageRecordMergeTests.swift */,
				9CCC87791F1A5C860229EACF /* MobileDisplayFormattingTests.swift */,
				1C9038A6A037C9329348C876 /* MockProviderDetectorTests.swift */,
				1F8C8BB69CA51A514FF41E14 /* MultiAccountForEachIdentityTests.swift */,
				4A35B8172E4530311B55BE4C /* MultiAccountLinkageDetectorTests.swift */,
				25CF646B494D13FACA4ED547 /* MultiAccountTabRenderingTests.swift */,
				621D68074A776C6DDAE3E81D /* ProviderAccountGroupTests.swift */,
				CC94BA62C1AD26767A4958DC /* ProviderColorPaletteTests.swift */,
				96F4B4918D5CB25D930D349C /* ProviderUsageViewSubtitleTests.swift */,
				C3D273F51CDB63F11D2E772A /* QuotaProviderListTests.swift */,
				4DDEAEEF583AFDE3D29A18C3 /* QuotaTransitionSubscriptionsTests.swift */,
				2C98FA5E42A83275CBD79FDB /* QuotaZoneNotificationParserTests.swift */,
				11E7C1D372FC60DBC88221B1 /* SameMacMultiAccountMergeTests.swift */,
				7A260F62AFF50B05ED7E6401 /* ShareCardRenderTests.swift */,
				29C5E714FA876A9617524529 /* SnapshotCacheTests.swift */,
				8D15EF2654204A9652A1F59F /* SubscriptionUtilizationCompatTests.swift */,
				18B11DCC99D3362E7225B2D1 /* SyncErrorTests.swift */,
				32F236B9E5AABE3378DAF97F /* SyncModelTests.swift */,
				6AF7B6A222FD3554CA455D8E /* SyncQuotaWarningConfigTests.swift */,
				F63562F3CAD90EB09C32903E /* V026RenderedTextTests.swift */,
				C39869539C7AAD1E71CCEDD6 /* V026SettingsTogglesTests.swift */,
				157142B7B8F8ADF6A79DCD07 /* V026ViewSmokeTests.swift */,
				44D42B29EEA7ECECF396429B /* ViewCacheIdentityTests.swift */,
				8AC0B6FF92A39F3671C44FE2 /* Fixtures */,
				44CE71E4FE80F6CA918A36BB /* Storage */,
			);
			path = CodexBarMobileTests;
			sourceTree = "<group>";
		};
		3C72FFB904D6F67F4C3A441A /* Products */ = {
			isa = PBXGroup;
			children = (
				A45A7C39DD816CBE4C4EF9EB /* CodexBarMobile.app */,
				81B87DC9EB24AAEFE036F9F7 /* CodexBarMobilePushExtension.appex */,
				F1706346D05559DDD5AA66F0 /* CodexBarMobileTests.xctest */,
				A40C52452E873B1A89E7AD21 /* CodexBarMobileUITests.xctest */,
				D34FB83FA26B8508F5A3D9FB /* CodexBarSync.framework */,
			);
			name = Products;
			sourceTree = "<group>";
		};
		40BA5B6E45635D96D7A39618 /* Notifications */ = {
			isa = PBXGroup;
			children = (
				E16DA26E9BEFB5354A725F99 /* DeviceProviderZoneSubscription.swift */,
				3E96BD45E3A15C7DA40EA93F /* PushSetupDiagnostic.swift */,
				F2BA90E690B546A77A86EE29 /* QuotaTransitionSubscriptions.swift */,
			);
			path = Notifications;
			sourceTree = "<group>";
		};
		40E8C082323391AE263B8168 /* Notifications */ = {
			isa = PBXGroup;
			children = (
				7254D548254F139B35339EF7 /* NSEInvocationLog.swift */,
				1CECA0608F74E3BA76EE5910 /* QuotaProviderList.swift */,
				01AA3F7A048F7301BC92A1A2 /* QuotaZoneNotificationParser.swift */,
			);
			path = Notifications;
			sourceTree = "<group>";
		};
		44CE71E4FE80F6CA918A36BB /* Storage */ = {
			isa = PBXGroup;
			children = (
				7AABCE82169AC4EF72708082 /* CWLAggregateTests.swift */,
				79B9DE156699CE9E8DF9A818 /* CWLEquivalenceTests.swift */,
				BC74955D108073474BBBAB91 /* CWLMigrationTests.swift */,
				DDF19DFB181532F757F35E7C /* CWLPerformanceTests.swift */,
				57D94028CBE4AB12A131F439 /* CWLSchemaTests.swift */,
				0A73B8C46F2108FB61B56B64 /* CWLSeedTests.swift */,
				D0629321562B420C752FB0A8 /* CWLWriterTests.swift */,
				C1DABA431C3A96BC06782271 /* ModelContainerFactoryTests.swift */,
				5A393218B2702DC47F1003A5 /* SnapshotIdentityKeyTests.swift */,
				3E6F79FB9AFFC795399FAFBF /* SwiftDataBridgeTests.swift */,
			);
			path = Storage;
			sourceTree = "<group>";
		};
		566A10A064D398A8177F2520 /* Storage */ = {
			isa = PBXGroup;
			children = (
				20CA4E5C7B1091C018B038D4 /* CostLedgerModels.swift */,
				6437373216327448BEA9E0A2 /* CostLedgerService.swift */,
				9F2CB0BE3DD9918D7E958219 /* ModelContainerFactory.swift */,
				6BD0E1383E24DC8971D852C2 /* SwiftDataBridge.swift */,
				9B39BE9838341CBABA2ED1F6 /* SwiftDataSchema.swift */,
			);
			path = Storage;
			sourceTree = "<group>";
		};
		5E43DA367E1140E87F94693B /* Utilities */ = {
			isa = PBXGroup;
			children = (
				AB6F8FEDE802C46B955E249A /* EmailRedaction.swift */,
			);
			path = Utilities;
			sourceTree = "<group>";
		};
		5FEBB76DB8FB667851477450 /* CodexBarMobilePushExtension */ = {
			isa = PBXGroup;
			children = (
				523FB93D267EE1CADF39FE8F /* Info.plist */,
				6BBBF160B317AF2B0C136E2B /* NotificationService.swift */,
				91D669E4E22F7C5868623D33 /* PushExtension.entitlements */,
			);
			path = CodexBarMobilePushExtension;
			sourceTree = "<group>";
		};
		72BD66B5E4391FD19D1AAEF4 /* Preview Content */ = {
			isa = PBXGroup;
			children = (
				C92153BD74B2B08AE61B76E2 /* PreviewData.swift */,
			);
			path = "Preview Content";
			sourceTree = "<group>";
		};
		78C0055577F3BF5232A8324A /* iCloud */ = {
			isa = PBXGroup;
			children = (
				0AC8949E5A683B18E778EAC3 /* CloudSyncReader.swift */,
			);
			path = iCloud;
			sourceTree = "<group>";
		};
		8AC0B6FF92A39F3671C44FE2 /* Fixtures */ = {
			isa = PBXGroup;
			children = (
				474666AF420748DBF714EED5 /* TestFixtures.swift */,
			);
			path = Fixtures;
			sourceTree = "<group>";
		};
		AE4CB101A569B5278A98C584 = {
			isa = PBXGroup;
			children = (
				07432B82F0DB64FB138D0C2C /* CodexBarMobile */,
				5FEBB76DB8FB667851477450 /* CodexBarMobilePushExtension */,
				083215A88C2B4B4095D1CE98 /* CodexBarMobileTests */,
				E53208DBBF9448AFE1933120 /* CodexBarMobileUITests */,
				F386B1ED277BE636CCA375AD /* Shared */,
				3C72FFB904D6F67F4C3A441A /* Products */,
			);
			sourceTree = "<group>";
		};
		B11456315A3C981950CDD1ED /* Shared */ = {
			isa = PBXGroup;
			children = (
				B81A012795332305519003C2 /* iCloud */,
				E48ACB00DD8BE4E69213E83A /* Models */,
				40E8C082323391AE263B8168 /* Notifications */,
				5E43DA367E1140E87F94693B /* Utilities */,
			);
			name = Shared;
			path = ../../Shared;
			sourceTree = "<group>";
		};
		B81A012795332305519003C2 /* iCloud */ = {
			isa = PBXGroup;
			children = (
				252E82C4DE92C8734EDD3F33 /* AccountIdentityNormalize.swift */,
				CFFC39F091B19A1DE9F2E7C7 /* CloudConstants.swift */,
				14429075896F45B38264DC77 /* CloudSyncManager.swift */,
				273C987230CB40BB514BC840 /* PayloadCompression.swift */,
			);
			path = iCloud;
			sourceTree = "<group>";
		};
		E48ACB00DD8BE4E69213E83A /* Models */ = {
			isa = PBXGroup;
			children = (
				B69F7C48865EEA356A9C86CC /* DeviceLifecycleEvent.swift */,
				7AAB8310784E24CC51831768 /* ProviderAccountLinkage.swift */,
				639A4CD0CDA802F15E954D5B /* ProviderUsageEnvelope.swift */,
				342E84EEC0EB349DE2BEB11B /* SyncQuotaWarningConfig.swift */,
				6B9D488D2E7E34286B71E8E7 /* UsageSnapshot.swift */,
				D03B5D90026D623962989109 /* V026Snapshots.swift */,
				A9F340DA45364A878F1BB616 /* V027Snapshots.swift */,
				BCE6CB7DCBC0976E4414C63D /* V029Snapshots.swift */,
				E29AF435AB2A4FE691117704 /* V030Snapshots.swift */,
				19CF055050A36BB624EF0AA0 /* V037Snapshots.swift */,
			);
			path = Models;
			sourceTree = "<group>";
		};
		E53208DBBF9448AFE1933120 /* CodexBarMobileUITests */ = {
			isa = PBXGroup;
			children = (
				E53728795F865E33900DA3C3 /* CodexBarMobileUITests.swift */,
			);
			path = CodexBarMobileUITests;
			sourceTree = "<group>";
		};
		E885519810099589A32096E1 /* Models */ = {
			isa = PBXGroup;
			children = (
				646750577DC086F6AB6026FD /* ClaudePeakHours.swift */,
				947901EA2B0C4A99FF204533 /* CostFormatting.swift */,
				6C72A51985FA627302CDAC57 /* CostShareService.swift */,
				252CB6CF0CDF983CD183384F /* MobileChartAxisFormatter.swift */,
				82B8A4D1FFD04AA72E89022F /* MobileDisplayPreferences.swift */,
				C64C2DA34FBFB5523DC71C9B /* MockProviderDetector.swift */,
				5639281ED3BA765C9553C8B9 /* MultiAccountLinkageCandidate.swift */,
				A5404A3DBB0C65C3C3C8D8ED /* ProviderAccountGroup.swift */,
				637E4394D6D0E0F76AFD654A /* ProviderColorPalette.swift */,
				FA73FB0C58DB34861BD5E35F /* ProviderUsageSnapshot+Identity.swift */,
				476A6254529A7B50A57AB777 /* ProviderUsageSnapshot+QuotaWarnings.swift */,
				E51BEDB997C80D4064449061 /* SnapshotCache.swift */,
				148D664C4F52FEB3A2993FE7 /* SyncCostSummary+Today.swift */,
				48D17C7D2668994C4942329B /* SyncedUsageData.swift */,
			);
			path = Models;
			sourceTree = "<group>";
		};
		EF6BE6D5AF77B9CC16AAFBA3 /* Views */ = {
			isa = PBXGroup;
			children = (
				B2C6897E84FB3CBD02DC3D8C /* AlibabaTokenPlanCard.swift */,
				B07946DD625AF9E4DFFFAB41 /* AntigravityAccountSwitcher.swift */,
				CA3103C9F58F4D43F9FD73A2 /* AzureOpenAIInfoCard.swift */,
				9E9B0D8C60F57D4E7DC98890 /* BedrockCostCard.swift */,
				77C776CEA57C84E7ECA6192C /* BudgetProgressView.swift */,
				AF5F72C23944E23883A57CA1 /* ClaudeAdminUsageCard.swift */,
				36903C779CD4AE98147A83BB /* ClaudeExtraUsageCard.swift */,
				2A9DEF83A84D41E10E1D6B2B /* CodexResetCreditsCard.swift */,
				FD8478C8A0C9D8732B72F7CB /* CodexWorkspaceBadge.swift */,
				74B0A596604D1C8CA137C073 /* CostMetricCard.swift */,
				AEB7FFB253C0CC0CA9876CCB /* CostShareCardView.swift */,
				8515047932479670A9749119 /* CostShareSheet.swift */,
				158C8DC0415A1D743CD3D63A /* CyberShareCardView.swift */,
				AA293C8F7A388B3FE79C2856 /* DeepgramUsageCard.swift */,
				477F069536CCC8340DF0B198 /* DeepSeekUsageCard.swift */,
				777FFCFF0443DD9AC52685CD /* ElevenLabsCreditsCard.swift */,
				CCB5B03C39186CBC42C349F8 /* EmptyStateView.swift */,
				E8C6050FE3CCE339F505DF43 /* GrokBillingCard.swift */,
				8D0855CD28B09BC6FE3D911E /* GroqMetricsCard.swift */,
				5E75C0925B40108545FE35A3 /* KiroCreditsCard.swift */,
				B22B4D560AC765604858E821 /* LLMProxyStatsCard.swift */,
				B8A3ED6F54FE9763758974F3 /* MiniMaxBillingCard.swift */,
				6469C96DB80CE222DDD8EC78 /* MockBadgeView.swift */,
				13047F3A04FEB413C5E079B0 /* MockProviderBanner.swift */,
				0BC3BD9EFBA38613A27A03C6 /* MoonshotBalanceCard.swift */,
				9578A435334E38DB06D035CB /* OnboardingView.swift */,
				2A9CF0F889610D5155F92ABB /* OpenAIDashboardSection.swift */,
				33F82F1127C024B177B420DE /* OpenCodeGoZenBalanceCard.swift */,
				3AF5B28EEE593B46A1604352 /* OpenRouterStatsCard.swift */,
				6DCD19FE389036BE565A572D /* PerplexityCreditsCard.swift */,
				CB05AAA074EEE8CC4379BD42 /* ProviderDetailView.swift */,
				3CAFBA243E25814E22BAAA6B /* ProviderUsageView.swift */,
				68E69F28C0538809129FB6D3 /* UsageCardView.swift */,
				87DED80F5FABD5A2FBAF5F98 /* UtilizationAggregateView.swift */,
				49BBB0416BFC7E4E74CC4B6C /* UtilizationHistoryView.swift */,
				DBFBF4B7241CE271554F183C /* ZaiHourlyChart.swift */,
			);
			path = Views;
			sourceTree = "<group>";
		};
		F386B1ED277BE636CCA375AD /* Shared */ = {
			isa = PBXGroup;
			children = (
				B11456315A3C981950CDD1ED /* Shared */,
			);
			path = Shared;
			sourceTree = "<group>";
		};
/* End PBXGroup section */

/* Begin PBXNativeTarget section */
		5547EC44D00232824E4A565F /* CodexBarSync */ = {
			isa = PBXNativeTarget;
			buildConfigurationList = 7A2964C94E29ABB74705B68C /* Build configuration list for PBXNativeTarget "CodexBarSync" */;
			buildPhases = (
				4BF77AE2E8BE2B6082BCE5DA /* Sources */,
			);
			buildRules = (
			);
			dependencies = (
			);
			name = CodexBarSync;
			packageProductDependencies = (
			);
			productName = CodexBarSync;
			productReference = D34FB83FA26B8508F5A3D9FB /* CodexBarSync.framework */;
			productType = "com.apple.product-type.framework";
		};
		59BBAD176F2AF8C44F838B73 /* CodexBarMobilePushExtension */ = {
			isa = PBXNativeTarget;
			buildConfigurationList = 86A1FEA2B0FEDAC116B4912F /* Build configuration list for PBXNativeTarget "CodexBarMobilePushExtension" */;
			buildPhases = (
				308217704D0781D696794157 /* Sources */,
				EED129AA72D3C3EE3D7368E8 /* Resources */,
				4251029BEF52B56E0E090364 /* Frameworks */,
			);
			buildRules = (
			);
			dependencies = (
				2A92D417345C26685C861695 /* PBXTargetDependency */,
			);
			name = CodexBarMobilePushExtension;
			packageProductDependencies = (
			);
			productName = CodexBarMobilePushExtension;
			productReference = 81B87DC9EB24AAEFE036F9F7 /* CodexBarMobilePushExtension.appex */;
			productType = "com.apple.product-type.app-extension";
		};
		62A1D41F26DB4CE375E6F965 /* CodexBarMobileTests */ = {
			isa = PBXNativeTarget;
			buildConfigurationList = B56C851EDF2802A060989937 /* Build configuration list for PBXNativeTarget "CodexBarMobileTests" */;
			buildPhases = (
				00BC7C6CEE833D01309DEA67 /* Sources */,
				8C3EC901AA02BB1D1A8D0105 /* Frameworks */,
				F253D23544817018CDEE7036 /* Embed Frameworks */,
			);
			buildRules = (
			);
			dependencies = (
				C0ED0DA9B05339009C018769 /* PBXTargetDependency */,
				2CE34A89B129C709BE0945D9 /* PBXTargetDependency */,
			);
			name = CodexBarMobileTests;
			packageProductDependencies = (
			);
			productName = CodexBarMobileTests;
			productReference = F1706346D05559DDD5AA66F0 /* CodexBarMobileTests.xctest */;
			productType = "com.apple.product-type.bundle.unit-test";
		};
		A02A488005F484BB2BC37276 /* CodexBarMobileUITests */ = {
			isa = PBXNativeTarget;
			buildConfigurationList = 147DE1C1D0783FD95BF2FB76 /* Build configuration list for PBXNativeTarget "CodexBarMobileUITests" */;
			buildPhases = (
				409510E037685851DE204052 /* Sources */,
			);
			buildRules = (
			);
			dependencies = (
				9194855362D694706EAB8446 /* PBXTargetDependency */,
			);
			name = CodexBarMobileUITests;
			packageProductDependencies = (
			);
			productName = CodexBarMobileUITests;
			productReference = A40C52452E873B1A89E7AD21 /* CodexBarMobileUITests.xctest */;
			productType = "com.apple.product-type.bundle.ui-testing";
		};
		BFE9125269D971C3EB23E583 /* CodexBarMobile */ = {
			isa = PBXNativeTarget;
			buildConfigurationList = D802D04D9C32F4D188E150D2 /* Build configuration list for PBXNativeTarget "CodexBarMobile" */;
			buildPhases = (
				270A1988244667AB0A6D6822 /* Sources */,
				4B0B3F0CEB60F0F98D1E7F20 /* Resources */,
				C11E8A8A0235BC717D7E9850 /* Frameworks */,
				A604DB7C28C561BD55D2E3C9 /* Embed Foundation Extensions */,
				B1D3390E3B77D1D40386B376 /* Embed Frameworks */,
			);
			buildRules = (
			);
			dependencies = (
				70477089E5434E5DCA20E2E7 /* PBXTargetDependency */,
				F9380FC838B8EAF9E3EA318D /* PBXTargetDependency */,
			);
			name = CodexBarMobile;
			packageProductDependencies = (
			);
			productName = CodexBarMobile;
			productReference = A45A7C39DD816CBE4C4EF9EB /* CodexBarMobile.app */;
			productType = "com.apple.product-type.application";
		};
/* End PBXNativeTarget section */

/* Begin PBXProject section */
		C4095294D0D55415E29FF461 /* Project object */ = {
			isa = PBXProject;
			attributes = {
				BuildIndependentTargetsInParallel = YES;
				LastUpgradeCheck = 2600;
				TargetAttributes = {
					59BBAD176F2AF8C44F838B73 = {
						DevelopmentTeam = 3TUERHN53E;
					};
					A02A488005F484BB2BC37276 = {
						TestTargetID = BFE9125269D971C3EB23E583;
					};
					BFE9125269D971C3EB23E583 = {
						DevelopmentTeam = 3TUERHN53E;
					};
				};
			};
			buildConfigurationList = BC9B8EDD8DA612B511EFBDC3 /* Build configuration list for PBXProject "CodexBarMobile" */;
			compatibilityVersion = "Xcode 14.0";
			developmentRegion = en;
			hasScannedForEncodings = 0;
			knownRegions = (
				Base,
				en,
				ja,
				"zh-Hans",
				"zh-Hant",
			);
			mainGroup = AE4CB101A569B5278A98C584;
			minimizedProjectReferenceProxies = 1;
			preferredProjectObjectVersion = 77;
			projectDirPath = "";
			projectRoot = "";
			targets = (
				BFE9125269D971C3EB23E583 /* CodexBarMobile */,
				59BBAD176F2AF8C44F838B73 /* CodexBarMobilePushExtension */,
				62A1D41F26DB4CE375E6F965 /* CodexBarMobileTests */,
				A02A488005F484BB2BC37276 /* CodexBarMobileUITests */,
				5547EC44D00232824E4A565F /* CodexBarSync */,
			);
		};
/* End PBXProject section */

/* Begin PBXResourcesBuildPhase section */
		4B0B3F0CEB60F0F98D1E7F20 /* Resources */ = {
			isa = PBXResourcesBuildPhase;
			buildActionMask = 2147483647;
			files = (
				24899A4840A4D7B044BEC20C /* Assets.xcassets in Resources */,
				D0624B0227BF503DC77AC09C /* Localizable.xcstrings in Resources */,
				6977A50D67FD6F33CE7E9D54 /* PrivacyInfo.xcprivacy in Resources */,
			);
			runOnlyForDeploymentPostprocessing = 0;
		};
		EED129AA72D3C3EE3D7368E8 /* Resources */ = {
			isa = PBXResourcesBuildPhase;
			buildActionMask = 2147483647;
			files = (
				4E63C52D8C920C2076DD3CD5 /* Localizable.xcstrings in Resources */,
			);
			runOnlyForDeploymentPostprocessing = 0;
		};
/* End PBXResourcesBuildPhase section */

/* Begin PBXSourcesBuildPhase section */
		00BC7C6CEE833D01309DEA67 /* Sources */ = {
			isa = PBXSourcesBuildPhase;
			buildActionMask = 2147483647;
			files = (
				A7A9772DEE62BDA0E16FC91E /* AccountIdentityMergeTests.swift in Sources */,
				CDE7E605C7EBAA5B0A171477 /* AccountIdentityNormalizeContractTests.swift in Sources */,
				CD8A9E9C7D9155CCE3338602 /* CKRecordReservedKeyAuditTests.swift in Sources */,
				638B0DA8806E1E1637E13E7A /* CWLAggregateTests.swift in Sources */,
				49148E58B3AF1030559597F2 /* CWLEquivalenceTests.swift in Sources */,
				3181B2D5BBB7820CABFD2601 /* CWLMigrationTests.swift in Sources */,
				3A61359B6A439F7C8C342C49 /* CWLPerformanceTests.swift in Sources */,
				5276BDE7FB232DBFA63A2D92 /* CWLSchemaTests.swift in Sources */,
				2E8C1EB06CD3DA4A1895AB87 /* CWLSeedTests.swift in Sources */,
				9C00DB027AB6C29845327154 /* CWLWriterTests.swift in Sources */,
				2F95648D7B6137DC85B62F37 /* ClaudePeakHoursTests.swift in Sources */,
				B0BD7B9F90964EE0B5859675 /* CloudKitMergeTests.swift in Sources */,
				BF62F92B51A09BA238F46145 /* CostFormattingTests.swift in Sources */,
				FD2364635784A71AE994402E /* DeviceLifecycleEventTests.swift in Sources */,
				37D05E7A04ABF89129C7D284 /* DualZoneReaderTests.swift in Sources */,
				F97B630E810DB48A4CB150C7 /* LinkageRecordMergeTests.swift in Sources */,
				8A9A4E2E1CA72E072FCBB851 /* MobileDisplayFormattingTests.swift in Sources */,
				8CE323CC2D5E584C35DC3196 /* MockProviderDetectorTests.swift in Sources */,
				15E1F684F0EFDD39DB30A2D6 /* ModelContainerFactoryTests.swift in Sources */,
				2B9A62B0ADAF89ADBD8826DA /* MultiAccountForEachIdentityTests.swift in Sources */,
				C32BC6E03F98362AB2AF7957 /* MultiAccountLinkageDetectorTests.swift in Sources */,
				90C9167325DF5561725CA16A /* MultiAccountTabRenderingTests.swift in Sources */,
				36890D62A476E10C3211107E /* ProviderAccountGroupTests.swift in Sources */,
				F78F3508FDA61D1B36D66800 /* ProviderColorPaletteTests.swift in Sources */,
				E7948A0383825AE3E4A49801 /* ProviderUsageViewSubtitleTests.swift in Sources */,
				6C1FECC502FD2DD3FF666618 /* QuotaProviderListTests.swift in Sources */,
				77CF9F560A2873DDC19B0A3D /* QuotaTransitionSubscriptionsTests.swift in Sources */,
				05A1216E90C95AAE2D36B013 /* QuotaZoneNotificationParserTests.swift in Sources */,
				04CEC012F4FB828C422D6AE0 /* SameMacMultiAccountMergeTests.swift in Sources */,
				383E1D735F75F0B574447EDF /* ShareCardRenderTests.swift in Sources */,
				8AE4ED5CB4621D5D8DAE93BB /* SnapshotCacheTests.swift in Sources */,
				67C5AF7FC62936A0A28189B3 /* SnapshotIdentityKeyTests.swift in Sources */,
				A107A3ED4961AA8B614D11BE /* SubscriptionUtilizationCompatTests.swift in Sources */,
				0C35C0A3E872B4821C3A7D0B /* SwiftDataBridgeTests.swift in Sources */,
				E408D96A71E1052A78D540CC /* SyncErrorTests.swift in Sources */,
				6BDEE365DD4A92F13A88ED72 /* SyncModelTests.swift in Sources */,
				6723B0E31B950F7C988C433F /* SyncQuotaWarningConfigTests.swift in Sources */,
				775BADB70AF2174D2847494B /* TestFixtures.swift in Sources */,
				08DAFDFF22C66A2F782B89A9 /* V026RenderedTextTests.swift in Sources */,
				BA057299F72E0ADFF7E79DC0 /* V026SettingsTogglesTests.swift in Sources */,
				93754684AD608ECF9833F867 /* V026ViewSmokeTests.swift in Sources */,
				26AC46B00EDA26107412B467 /* ViewCacheIdentityTests.swift in Sources */,
			);
			runOnlyForDeploymentPostprocessing = 0;
		};
		270A1988244667AB0A6D6822 /* Sources */ = {
			isa = PBXSourcesBuildPhase;
			buildActionMask = 2147483647;
			files = (
				66A54A05F64B57FC828A2C40 /* AlibabaTokenPlanCard.swift in Sources */,
				0D7C4FE104FBA31F17F8A591 /* AntigravityAccountSwitcher.swift in Sources */,
				09BC5F589730BF1FE1C4D68E /* AzureOpenAIInfoCard.swift in Sources */,
				49D6DB12C6EFA95A8A48BE0C /* BedrockCostCard.swift in Sources */,
				4CD1E3131D8E3A04E8B13201 /* BudgetProgressView.swift in Sources */,
				DCE0242A2B08E8D23B2CCAC1 /* ClaudeAdminUsageCard.swift in Sources */,
				AF756D8CEBEC328EF8827EA6 /* ClaudeExtraUsageCard.swift in Sources */,
				134FDBBA3076DE5E1FA986F2 /* ClaudePeakHours.swift in Sources */,
				1E05BEE4F76DC16C3AA0C014 /* CloudSyncReader.swift in Sources */,
				A910B3424F6BF1DCE7543E2E /* CodexBarMobileApp.swift in Sources */,
				A9BDE220C1106C420FCBECAF /* CodexResetCreditsCard.swift in Sources */,
				33F818074F133935C89B4097 /* CodexWorkspaceBadge.swift in Sources */,
				A644FDE234CC676EC59CC891 /* ContentView.swift in Sources */,
				ACA7EB9D06944B5EA0FD9E84 /* CostFormatting.swift in Sources */,
				82D12B778494DEEFDCB40A06 /* CostLedgerModels.swift in Sources */,
				53E21E78D165FB4E038BA2FF /* CostLedgerService.swift in Sources */,
				27EE0BCA2997485104A74200 /* CostMetricCard.swift in Sources */,
				02E554F44482449A6E303DF8 /* CostShareCardView.swift in Sources */,
				44179B7669F19C60FFA54FCD /* CostShareService.swift in Sources */,
				7921A012D44F975F8AFC63DE /* CostShareSheet.swift in Sources */,
				CF5946FFB17517210EEC1EFF /* CyberShareCardView.swift in Sources */,
				9360E35B526CE57E9C5ED2D0 /* DeepSeekUsageCard.swift in Sources */,
				78A8D4ECC85D519DB04C6B07 /* DeepgramUsageCard.swift in Sources */,
				496A54796174489473CE7F52 /* DeviceProviderZoneSubscription.swift in Sources */,
				753F40CEB17DC47E704E5EDE /* ElevenLabsCreditsCard.swift in Sources */,
				2F25E64EEAF1963781B976C8 /* EmptyStateView.swift in Sources */,
				FE0F6EED9F97E88267101B6C /* GrokBillingCard.swift in Sources */,
				2DBF25B9E86E819649C2BE29 /* GroqMetricsCard.swift in Sources */,
				BE6CE16FDE42EC25FCE2012F /* KiroCreditsCard.swift in Sources */,
				36E36EE311B054390CE848F2 /* LLMProxyStatsCard.swift in Sources */,
				F81D7EB9E7C4A01541815B3B /* MiniMaxBillingCard.swift in Sources */,
				297CB7B072F71D5540B234A4 /* MobileChartAxisFormatter.swift in Sources */,
				0708B75CE4F9E291D3AF8879 /* MobileDisplayPreferences.swift in Sources */,
				2454FC869F1C8C693320BD25 /* MockBadgeView.swift in Sources */,
				5BDC62538006F2EF448F53ED /* MockProviderBanner.swift in Sources */,
				00EFDC56DFEEB39444695B53 /* MockProviderDetector.swift in Sources */,
				077031C35540946781793E79 /* ModelContainerFactory.swift in Sources */,
				4012D7EC2F2083F196B70B84 /* MoonshotBalanceCard.swift in Sources */,
				6C830A82BED8F694F753A082 /* MultiAccountLinkageCandidate.swift in Sources */,
				E79487590ED842AE33B360D7 /* OnboardingView.swift in Sources */,
				D4DB3A067B095809B2B2DB42 /* OpenAIDashboardSection.swift in Sources */,
				8E7E93B9F90994D0D3124086 /* OpenCodeGoZenBalanceCard.swift in Sources */,
				F96A94C5A2AB38A1DB68555A /* OpenRouterStatsCard.swift in Sources */,
				F032E24887BB6718E712FBE9 /* PerplexityCreditsCard.swift in Sources */,
				D5E7E85EEE6528E04FDA9446 /* PreviewData.swift in Sources */,
				537F8FAA96052658292926BC /* ProviderAccountGroup.swift in Sources */,
				A24E829408C379D88C7715CC /* ProviderColorPalette.swift in Sources */,
				B050FB5BF5817C3844A27F32 /* ProviderDetailView.swift in Sources */,
				6DCDD71DAADD02D424FB0660 /* ProviderUsageSnapshot+Identity.swift in Sources */,
				0C2DDA8E99A73AA0FE1F72FE /* ProviderUsageSnapshot+QuotaWarnings.swift in Sources */,
				A9305459F82B07AAE8ADC1A2 /* ProviderUsageView.swift in Sources */,
				F91FAC531225917E4E86A892 /* PushSetupDiagnostic.swift in Sources */,
				95421AE3BAA4C16314A2BF1A /* QuotaTransitionSubscriptions.swift in Sources */,
				C05BB8D498AEAD0E75753738 /* SnapshotCache.swift in Sources */,
				86AF1C1CE9402E616E87F26C /* SwiftDataBridge.swift in Sources */,
				77AF491945589ACEFFCD2342 /* SwiftDataSchema.swift in Sources */,
				57B19047261C57559CD61968 /* SyncCostSummary+Today.swift in Sources */,
				5DF56542F0C2F51860FE8AD8 /* SyncedUsageData.swift in Sources */,
				F72DCBEFB2A9EF020F632516 /* UsageCardView.swift in Sources */,
				6BEB6B051976D09ED07BFFD3 /* UtilizationAggregateView.swift in Sources */,
				06AF0C16DB94FEF7CEB249F1 /* UtilizationHistoryView.swift in Sources */,
				F17B695DE47773A5DF665875 /* ZaiHourlyChart.swift in Sources */,
			);
			runOnlyForDeploymentPostprocessing = 0;
		};
		308217704D0781D696794157 /* Sources */ = {
			isa = PBXSourcesBuildPhase;
			buildActionMask = 2147483647;
			files = (
				C41E99EEEAFD859D56F08AD2 /* NotificationService.swift in Sources */,
			);
			runOnlyForDeploymentPostprocessing = 0;
		};
		409510E037685851DE204052 /* Sources */ = {
			isa = PBXSourcesBuildPhase;
			buildActionMask = 2147483647;
			files = (
				B7EC6DFB5C971047AC6D544C /* CodexBarMobileUITests.swift in Sources */,
			);
			runOnlyForDeploymentPostprocessing = 0;
		};
		4BF77AE2E8BE2B6082BCE5DA /* Sources */ = {
			isa = PBXSourcesBuildPhase;
			buildActionMask = 2147483647;
			files = (
				979DD3366C02E4457C7D6D0E /* AccountIdentityNormalize.swift in Sources */,
				3FF73F5DB65C0589C032253A /* CloudConstants.swift in Sources */,
				47E56DB489686A9CF257EA70 /* CloudSyncManager.swift in Sources */,
				870DB32558A225B7979C5752 /* DeviceLifecycleEvent.swift in Sources */,
				C87E63885A58161DEE788B56 /* EmailRedaction.swift in Sources */,
				EBE2A4618178227F342DCDF4 /* NSEInvocationLog.swift in Sources */,
				F869D4469A5649D0357A7FE5 /* PayloadCompression.swift in Sources */,
				90D08BDB0023F9AC882235B1 /* ProviderAccountLinkage.swift in Sources */,
				3E591C7DE7ED51CB3883D431 /* ProviderUsageEnvelope.swift in Sources */,
				D049C768680FAF4763B7F5B8 /* QuotaProviderList.swift in Sources */,
				6552CAFC19A45A6D83821AC0 /* QuotaZoneNotificationParser.swift in Sources */,
				904B033A9AC463824D9A910D /* SyncQuotaWarningConfig.swift in Sources */,
				6C6973342A6DB39DA86008A8 /* UsageSnapshot.swift in Sources */,
				3605135099D7D1BAC66F67C3 /* V026Snapshots.swift in Sources */,
				BB98D3ECAFF6D381B6D775FE /* V027Snapshots.swift in Sources */,
				00BDE086E0C208CE385602B8 /* V029Snapshots.swift in Sources */,
				724CDFD257C13ABA5020E7C9 /* V030Snapshots.swift in Sources */,
				48A7DACDCA4F25935E003084 /* V037Snapshots.swift in Sources */,
			);
			runOnlyForDeploymentPostprocessing = 0;
		};
/* End PBXSourcesBuildPhase section */

/* Begin PBXTargetDependency section */
		2A92D417345C26685C861695 /* PBXTargetDependency */ = {
			isa = PBXTargetDependency;
			target = 5547EC44D00232824E4A565F /* CodexBarSync */;
			targetProxy = B45C5B25C6A221E251454AA0 /* PBXContainerItemProxy */;
		};
		2CE34A89B129C709BE0945D9 /* PBXTargetDependency */ = {
			isa = PBXTargetDependency;
			target = 5547EC44D00232824E4A565F /* CodexBarSync */;
			targetProxy = D7570DCE00FB4C0F1BD0B855 /* PBXContainerItemProxy */;
		};
		70477089E5434E5DCA20E2E7 /* PBXTargetDependency */ = {
			isa = PBXTargetDependency;
			target = 5547EC44D00232824E4A565F /* CodexBarSync */;
			targetProxy = 9C3CFABC95E5ADB27A5E2A33 /* PBXContainerItemProxy */;
		};
		9194855362D694706EAB8446 /* PBXTargetDependency */ = {
			isa = PBXTargetDependency;
			target = BFE9125269D971C3EB23E583 /* CodexBarMobile */;
			targetProxy = F95569C617FAAFA5B7E52141 /* PBXContainerItemProxy */;
		};
		C0ED0DA9B05339009C018769 /* PBXTargetDependency */ = {
			isa = PBXTargetDependency;
			target = BFE9125269D971C3EB23E583 /* CodexBarMobile */;
			targetProxy = 13303FE3AF80A6B5E8BBE646 /* PBXContainerItemProxy */;
		};
		F9380FC838B8EAF9E3EA318D /* PBXTargetDependency */ = {
			isa = PBXTargetDependency;
			target = 59BBAD176F2AF8C44F838B73 /* CodexBarMobilePushExtension */;
			targetProxy = FC2AFEF0C1A62639AE155332 /* PBXContainerItemProxy */;
		};
/* End PBXTargetDependency section */

/* Begin XCBuildConfiguration section */
		25EF2E0B6B9568B5E7C0E3E0 /* Debug */ = {
			isa = XCBuildConfiguration;
			buildSettings = {
				CODE_SIGN_IDENTITY = "";
				CURRENT_PROJECT_VERSION = 164;
				DEFINES_MODULE = YES;
				DYLIB_COMPATIBILITY_VERSION = 1;
				DYLIB_CURRENT_VERSION = 1;
				DYLIB_INSTALL_NAME_BASE = "@rpath";
				GENERATE_INFOPLIST_FILE = YES;
				INSTALL_PATH = "$(LOCAL_LIBRARY_DIR)/Frameworks";
				LD_RUNPATH_SEARCH_PATHS = (
					"$(inherited)",
					"@executable_path/Frameworks",
				);
				MARKETING_VERSION = 1.15.0;
				PRODUCT_BUNDLE_IDENTIFIER = com.o1xhack.codexbar.sync;
				SDKROOT = iphoneos;
				SKIP_INSTALL = YES;
				TARGETED_DEVICE_FAMILY = "1,2";
				VERSIONING_SYSTEM = "apple-generic";
			};
			name = Debug;
		};
		4DFD4FD2D3F01684FA516ABD /* Release */ = {
			isa = XCBuildConfiguration;
			buildSettings = {
				ALWAYS_SEARCH_USER_PATHS = NO;
				CLANG_ANALYZER_NONNULL = YES;
				CLANG_ANALYZER_NUMBER_OBJECT_CONVERSION = YES_AGGRESSIVE;
				CLANG_CXX_LANGUAGE_STANDARD = "gnu++14";
				CLANG_CXX_LIBRARY = "libc++";
				CLANG_ENABLE_MODULES = YES;
				CLANG_ENABLE_OBJC_ARC = YES;
				CLANG_ENABLE_OBJC_WEAK = YES;
				CLANG_WARN_BLOCK_CAPTURE_AUTORELEASING = YES;
				CLANG_WARN_BOOL_CONVERSION = YES;
				CLANG_WARN_COMMA = YES;
				CLANG_WARN_CONSTANT_CONVERSION = YES;
				CLANG_WARN_DEPRECATED_OBJC_IMPLEMENTATIONS = YES;
				CLANG_WARN_DIRECT_OBJC_ISA_USAGE = YES_ERROR;
				CLANG_WARN_DOCUMENTATION_COMMENTS = YES;
				CLANG_WARN_EMPTY_BODY = YES;
				CLANG_WARN_ENUM_CONVERSION = YES;
				CLANG_WARN_INFINITE_RECURSION = YES;
				CLANG_WARN_INT_CONVERSION = YES;
				CLANG_WARN_NON_LITERAL_NULL_CONVERSION = YES;
				CLANG_WARN_OBJC_IMPLICIT_RETAIN_SELF = YES;
				CLANG_WARN_OBJC_LITERAL_CONVERSION = YES;
				CLANG_WARN_OBJC_ROOT_CLASS = YES_ERROR;
				CLANG_WARN_QUOTED_INCLUDE_IN_FRAMEWORK_HEADER = YES;
				CLANG_WARN_RANGE_LOOP_ANALYSIS = YES;
				CLANG_WARN_STRICT_PROTOTYPES = YES;
				CLANG_WARN_SUSPICIOUS_MOVE = YES;
				CLANG_WARN_UNGUARDED_AVAILABILITY = YES_AGGRESSIVE;
				CLANG_WARN_UNREACHABLE_CODE = YES;
				CLANG_WARN__DUPLICATE_METHOD_MATCH = YES;
				COPY_PHASE_STRIP = NO;
				DEBUG_INFORMATION_FORMAT = "dwarf-with-dsym";
				ENABLE_NS_ASSERTIONS = NO;
				ENABLE_STRICT_OBJC_MSGSEND = YES;
				ENABLE_UPCOMING_FEATURE_STRICT_CONCURRENCY = YES;
				GCC_C_LANGUAGE_STANDARD = gnu11;
				GCC_NO_COMMON_BLOCKS = YES;
				GCC_WARN_64_TO_32_BIT_CONVERSION = YES;
				GCC_WARN_ABOUT_RETURN_TYPE = YES_ERROR;
				GCC_WARN_UNDECLARED_SELECTOR = YES;
				GCC_WARN_UNINITIALIZED_AUTOS = YES_AGGRESSIVE;
				GCC_WARN_UNUSED_FUNCTION = YES;
				GCC_WARN_UNUSED_VARIABLE = YES;
				IPHONEOS_DEPLOYMENT_TARGET = 17.0;
				MTL_ENABLE_DEBUG_INFO = NO;
				MTL_FAST_MATH = YES;
				PRODUCT_NAME = "$(TARGET_NAME)";
				SDKROOT = iphoneos;
				SWIFT_COMPILATION_MODE = wholemodule;
				SWIFT_OPTIMIZATION_LEVEL = "-O";
				SWIFT_VERSION = 6.0;
			};
			name = Release;
		};
		67767FE1617B4210F992345F /* Debug */ = {
			isa = XCBuildConfiguration;
			buildSettings = {
				ALWAYS_SEARCH_USER_PATHS = NO;
				CLANG_ANALYZER_NONNULL = YES;
				CLANG_ANALYZER_NUMBER_OBJECT_CONVERSION = YES_AGGRESSIVE;
				CLANG_CXX_LANGUAGE_STANDARD = "gnu++14";
				CLANG_CXX_LIBRARY = "libc++";
				CLANG_ENABLE_MODULES = YES;
				CLANG_ENABLE_OBJC_ARC = YES;
				CLANG_ENABLE_OBJC_WEAK = YES;
				CLANG_WARN_BLOCK_CAPTURE_AUTORELEASING = YES;
				CLANG_WARN_BOOL_CONVERSION = YES;
				CLANG_WARN_COMMA = YES;
				CLANG_WARN_CONSTANT_CONVERSION = YES;
				CLANG_WARN_DEPRECATED_OBJC_IMPLEMENTATIONS = YES;
				CLANG_WARN_DIRECT_OBJC_ISA_USAGE = YES_ERROR;
				CLANG_WARN_DOCUMENTATION_COMMENTS = YES;
				CLANG_WARN_EMPTY_BODY = YES;
				CLANG_WARN_ENUM_CONVERSION = YES;
				CLANG_WARN_INFINITE_RECURSION = YES;
				CLANG_WARN_INT_CONVERSION = YES;
				CLANG_WARN_NON_LITERAL_NULL_CONVERSION = YES;
				CLANG_WARN_OBJC_IMPLICIT_RETAIN_SELF = YES;
				CLANG_WARN_OBJC_LITERAL_CONVERSION = YES;
				CLANG_WARN_OBJC_ROOT_CLASS = YES_ERROR;
				CLANG_WARN_QUOTED_INCLUDE_IN_FRAMEWORK_HEADER = YES;
				CLANG_WARN_RANGE_LOOP_ANALYSIS = YES;
				CLANG_WARN_STRICT_PROTOTYPES = YES;
				CLANG_WARN_SUSPICIOUS_MOVE = YES;
				CLANG_WARN_UNGUARDED_AVAILABILITY = YES_AGGRESSIVE;
				CLANG_WARN_UNREACHABLE_CODE = YES;
				CLANG_WARN__DUPLICATE_METHOD_MATCH = YES;
				COPY_PHASE_STRIP = NO;
				DEBUG_INFORMATION_FORMAT = dwarf;
				ENABLE_STRICT_OBJC_MSGSEND = YES;
				ENABLE_TESTABILITY = YES;
				ENABLE_UPCOMING_FEATURE_STRICT_CONCURRENCY = YES;
				GCC_C_LANGUAGE_STANDARD = gnu11;
				GCC_DYNAMIC_NO_PIC = NO;
				GCC_NO_COMMON_BLOCKS = YES;
				GCC_OPTIMIZATION_LEVEL = 0;
				GCC_PREPROCESSOR_DEFINITIONS = (
					"$(inherited)",
					"DEBUG=1",
				);
				GCC_WARN_64_TO_32_BIT_CONVERSION = YES;
				GCC_WARN_ABOUT_RETURN_TYPE = YES_ERROR;
				GCC_WARN_UNDECLARED_SELECTOR = YES;
				GCC_WARN_UNINITIALIZED_AUTOS = YES_AGGRESSIVE;
				GCC_WARN_UNUSED_FUNCTION = YES;
				GCC_WARN_UNUSED_VARIABLE = YES;
				IPHONEOS_DEPLOYMENT_TARGET = 17.0;
				MTL_ENABLE_DEBUG_INFO = INCLUDE_SOURCE;
				MTL_FAST_MATH = YES;
				ONLY_ACTIVE_ARCH = YES;
				PRODUCT_NAME = "$(TARGET_NAME)";
				SDKROOT = iphoneos;
				SWIFT_ACTIVE_COMPILATION_CONDITIONS = DEBUG;
				SWIFT_OPTIMIZATION_LEVEL = "-Onone";
				SWIFT_VERSION = 6.0;
			};
			name = Debug;
		};
		6BFEB4B88BC3C6965FB2D5BE /* Debug */ = {
			isa = XCBuildConfiguration;
			buildSettings = {
				BUNDLE_LOADER = "$(TEST_HOST)";
				GENERATE_INFOPLIST_FILE = YES;
				LD_RUNPATH_SEARCH_PATHS = (
					"$(inherited)",
					"@executable_path/Frameworks",
					"@loader_path/Frameworks",
				);
				PRODUCT_BUNDLE_IDENTIFIER = com.o1xhack.codexbar.mobile.tests;
				SDKROOT = iphoneos;
				TARGETED_DEVICE_FAMILY = "1,2";
				TEST_HOST = "$(BUILT_PRODUCTS_DIR)/CodexBarMobile.app/CodexBarMobile";
			};
			name = Debug;
		};
		79FAE4DDA0D68A648138747C /* Release */ = {
			isa = XCBuildConfiguration;
			buildSettings = {
				BUNDLE_LOADER = "$(TEST_HOST)";
				GENERATE_INFOPLIST_FILE = YES;
				LD_RUNPATH_SEARCH_PATHS = (
					"$(inherited)",
					"@executable_path/Frameworks",
					"@loader_path/Frameworks",
				);
				PRODUCT_BUNDLE_IDENTIFIER = com.o1xhack.codexbar.mobile.tests;
				SDKROOT = iphoneos;
				TARGETED_DEVICE_FAMILY = "1,2";
				TEST_HOST = "$(BUILT_PRODUCTS_DIR)/CodexBarMobile.app/CodexBarMobile";
			};
			name = Release;
		};
		883B4F450889FA6A99BE0C73 /* Debug */ = {
			isa = XCBuildConfiguration;
			buildSettings = {
				CODE_SIGN_ENTITLEMENTS = CodexBarMobilePushExtension/PushExtension.entitlements;
				CURRENT_PROJECT_VERSION = 164;
				DEVELOPMENT_TEAM = 3TUERHN53E;
				INFOPLIST_FILE = CodexBarMobilePushExtension/Info.plist;
				LD_RUNPATH_SEARCH_PATHS = (
					"$(inherited)",
					"@executable_path/Frameworks",
					"@executable_path/../../Frameworks",
				);
				MARKETING_VERSION = 1.15.0;
				PRODUCT_BUNDLE_IDENTIFIER = com.o1xhack.codexbar.mobile.pushextension;
				SDKROOT = iphoneos;
				SKIP_INSTALL = YES;
				TARGETED_DEVICE_FAMILY = "1,2";
			};
			name = Debug;
		};
		A086DDCAC990129CC320BB8B /* Release */ = {
			isa = XCBuildConfiguration;
			buildSettings = {
				ASSETCATALOG_COMPILER_APPICON_NAME = AppIcon;
				CODE_SIGN_ENTITLEMENTS = CodexBarMobile/CodexBarMobile.entitlements;
				CODE_SIGN_IDENTITY = "iPhone Developer";
				CURRENT_PROJECT_VERSION = 164;
				DEVELOPMENT_TEAM = 3TUERHN53E;
				INFOPLIST_FILE = CodexBarMobile/Info.plist;
				LD_RUNPATH_SEARCH_PATHS = (
					"$(inherited)",
					"@executable_path/Frameworks",
				);
				MARKETING_VERSION = 1.15.0;
				PRODUCT_BUNDLE_IDENTIFIER = com.o1xhack.codexbar.mobile;
				SDKROOT = iphoneos;
				SWIFT_EMIT_LOC_STRINGS = YES;
				TARGETED_DEVICE_FAMILY = "1,2";
			};
			name = Release;
		};
		A3CB79165A707B5CBD8FC803 /* Debug */ = {
			isa = XCBuildConfiguration;
			buildSettings = {
				BUNDLE_LOADER = "$(TEST_HOST)";
				GENERATE_INFOPLIST_FILE = YES;
				LD_RUNPATH_SEARCH_PATHS = (
					"$(inherited)",
					"@executable_path/Frameworks",
					"@loader_path/Frameworks",
				);
				PRODUCT_BUNDLE_IDENTIFIER = com.o1xhack.codexbar.mobile.uitests;
				SDKROOT = iphoneos;
				TARGETED_DEVICE_FAMILY = "1,2";
				TEST_TARGET_NAME = CodexBarMobile;
			};
			name = Debug;
		};
		B06CF9DC86417E3012591574 /* Debug */ = {
			isa = XCBuildConfiguration;
			buildSettings = {
				ASSETCATALOG_COMPILER_APPICON_NAME = AppIcon;
				CODE_SIGN_ENTITLEMENTS = CodexBarMobile/CodexBarMobile.entitlements;
				CODE_SIGN_IDENTITY = "iPhone Developer";
				CURRENT_PROJECT_VERSION = 164;
				DEVELOPMENT_TEAM = 3TUERHN53E;
				INFOPLIST_FILE = CodexBarMobile/Info.plist;
				LD_RUNPATH_SEARCH_PATHS = (
					"$(inherited)",
					"@executable_path/Frameworks",
				);
				MARKETING_VERSION = 1.15.0;
				PRODUCT_BUNDLE_IDENTIFIER = com.o1xhack.codexbar.mobile;
				SDKROOT = iphoneos;
				SWIFT_EMIT_LOC_STRINGS = YES;
				TARGETED_DEVICE_FAMILY = "1,2";
			};
			name = Debug;
		};
		E397FFA9C4C99D08D771062F /* Release */ = {
			isa = XCBuildConfiguration;
			buildSettings = {
				BUNDLE_LOADER = "$(TEST_HOST)";
				GENERATE_INFOPLIST_FILE = YES;
				LD_RUNPATH_SEARCH_PATHS = (
					"$(inherited)",
					"@executable_path/Frameworks",
					"@loader_path/Frameworks",
				);
				PRODUCT_BUNDLE_IDENTIFIER = com.o1xhack.codexbar.mobile.uitests;
				SDKROOT = iphoneos;
				TARGETED_DEVICE_FAMILY = "1,2";
				TEST_TARGET_NAME = CodexBarMobile;
			};
			name = Release;
		};
		EA57092D3B891AC66A2B6F67 /* Release */ = {
			isa = XCBuildConfiguration;
			buildSettings = {
				CODE_SIGN_IDENTITY = "";
				CURRENT_PROJECT_VERSION = 164;
				DEFINES_MODULE = YES;
				DYLIB_COMPATIBILITY_VERSION = 1;
				DYLIB_CURRENT_VERSION = 1;
				DYLIB_INSTALL_NAME_BASE = "@rpath";
				GENERATE_INFOPLIST_FILE = YES;
				INSTALL_PATH = "$(LOCAL_LIBRARY_DIR)/Frameworks";
				LD_RUNPATH_SEARCH_PATHS = (
					"$(inherited)",
					"@executable_path/Frameworks",
				);
				MARKETING_VERSION = 1.15.0;
				PRODUCT_BUNDLE_IDENTIFIER = com.o1xhack.codexbar.sync;
				SDKROOT = iphoneos;
				SKIP_INSTALL = YES;
				TARGETED_DEVICE_FAMILY = "1,2";
				VERSIONING_SYSTEM = "apple-generic";
			};
			name = Release;
		};
		EA9E1DC33C5830587AF80B8A /* Release */ = {
			isa = XCBuildConfiguration;
			buildSettings = {
				CODE_SIGN_ENTITLEMENTS = CodexBarMobilePushExtension/PushExtension.entitlements;
				CURRENT_PROJECT_VERSION = 164;
				DEVELOPMENT_TEAM = 3TUERHN53E;
				INFOPLIST_FILE = CodexBarMobilePushExtension/Info.plist;
				LD_RUNPATH_SEARCH_PATHS = (
					"$(inherited)",
					"@executable_path/Frameworks",
					"@executable_path/../../Frameworks",
				);
				MARKETING_VERSION = 1.15.0;
				PRODUCT_BUNDLE_IDENTIFIER = com.o1xhack.codexbar.mobile.pushextension;
				SDKROOT = iphoneos;
				SKIP_INSTALL = YES;
				TARGETED_DEVICE_FAMILY = "1,2";
			};
			name = Release;
		};
/* End XCBuildConfiguration section */

/* Begin XCConfigurationList section */
		147DE1C1D0783FD95BF2FB76 /* Build configuration list for PBXNativeTarget "CodexBarMobileUITests" */ = {
			isa = XCConfigurationList;
			buildConfigurations = (
				A3CB79165A707B5CBD8FC803 /* Debug */,
				E397FFA9C4C99D08D771062F /* Release */,
			);
			defaultConfigurationIsVisible = 0;
			defaultConfigurationName = Debug;
		};
		7A2964C94E29ABB74705B68C /* Build configuration list for PBXNativeTarget "CodexBarSync" */ = {
			isa = XCConfigurationList;
			buildConfigurations = (
				25EF2E0B6B9568B5E7C0E3E0 /* Debug */,
				EA57092D3B891AC66A2B6F67 /* Release */,
			);
			defaultConfigurationIsVisible = 0;
			defaultConfigurationName = Debug;
		};
		86A1FEA2B0FEDAC116B4912F /* Build configuration list for PBXNativeTarget "CodexBarMobilePushExtension" */ = {
			isa = XCConfigurationList;
			buildConfigurations = (
				883B4F450889FA6A99BE0C73 /* Debug */,
				EA9E1DC33C5830587AF80B8A /* Release */,
			);
			defaultConfigurationIsVisible = 0;
			defaultConfigurationName = Debug;
		};
		B56C851EDF2802A060989937 /* Build configuration list for PBXNativeTarget "CodexBarMobileTests" */ = {
			isa = XCConfigurationList;
			buildConfigurations = (
				6BFEB4B88BC3C6965FB2D5BE /* Debug */,
				79FAE4DDA0D68A648138747C /* Release */,
			);
			defaultConfigurationIsVisible = 0;
			defaultConfigurationName = Debug;
		};
		BC9B8EDD8DA612B511EFBDC3 /* Build configuration list for PBXProject "CodexBarMobile" */ = {
			isa = XCConfigurationList;
			buildConfigurations = (
				67767FE1617B4210F992345F /* Debug */,
				4DFD4FD2D3F01684FA516ABD /* Release */,
			);
			defaultConfigurationIsVisible = 0;
			defaultConfigurationName = Debug;
		};
		D802D04D9C32F4D188E150D2 /* Build configuration list for PBXNativeTarget "CodexBarMobile" */ = {
			isa = XCConfigurationList;
			buildConfigurations = (
				B06CF9DC86417E3012591574 /* Debug */,
				A086DDCAC990129CC320BB8B /* Release */,
			);
			defaultConfigurationIsVisible = 0;
			defaultConfigurationName = Debug;
		};
/* End XCConfigurationList section */
	};
	rootObject = C4095294D0D55415E29FF461 /* Project object */;
}
